
Microsoft Visual Studio Solution File, Format Version 12.00
# Visual Studio Version 17
VisualStudioVersion = 17.2.32630.192
MinimumVisualStudioVersion = 10.0.40219.1
Project("{9A19103F-16F7-4668-BE54-9A1E7A4F7556}") = "R5T.L0055.Construction", "R5T.L0055.Construction\R5T.L0055.Construction.csproj", "{D5951A2E-0952-4310-851F-FCB572D6E11F}"
EndProject
Project("{9A19103F-16F7-4668-BE54-9A1E7A4F7556}") = "R5T.L0055", "R5T.L0055\R5T.L0055.csproj", "{0D2F6258-3934-4533-BDA3-320784B99B44}"
EndProject
Project("{2150E333-8FDC-42A3-9474-1A3956D46DE8}") = "_Dependencies", "_Dependencies", "{72CA620E-732C-42FC-8930-BABCB0BF7D28}"
EndProject
Project("{9A19103F-16F7-4668-BE54-9A1E7A4F7556}") = "R5T.F0000", "..\..\R5T.F0000\source\R5T.F0000\R5T.F0000.csproj", "{3FDD4BAD-4592-4EAC-A2D5-1896A1A63A89}"
EndProject
Project("{9A19103F-16F7-4668-BE54-9A1E7A4F7556}") = "R5T.F0002", "..\..\R5T.F0002\source\R5T.F0002\R5T.F0002.csproj", "{A5363B83-B3A9-4A71-B8C6-8B19D59BBBB6}"
EndProject
Project("{9A19103F-16F7-4668-BE54-9A1E7A4F7556}") = "R5T.F0033.Platform", "..\..\R5T.F0033\source\R5T.F0033.Platform\R5T.F0033.Platform.csproj", "{28EB0239-9A0A-450A-9740-1E6FAD165FEC}"
EndProject
Project("{9A19103F-16F7-4668-BE54-9A1E7A4F7556}") = "R5T.F0033", "..\..\R5T.F0033\source\R5T.F0033\R5T.F0033.csproj", "{F83361A2-9B9C-4E78-BC50-7DEF71C7FD58}"
EndProject
Project("{9A19103F-16F7-4668-BE54-9A1E7A4F7556}") = "R5T.F0034", "..\..\R5T.F0034\source\R5T.F0034\R5T.F0034.csproj", "{097EA906-9D68-42FD-A677-DF0FAA1537E0}"
EndProject
Project("{9A19103F-16F7-4668-BE54-9A1E7A4F7556}") = "R5T.F0035.F001", "..\..\R5T.F0035\source\R5T.F0035.F001\R5T.F0035.F001.csproj", "{7DFB9782-BE27-4E5D-A232-20A06E6E677F}"
EndProject
Project("{9A19103F-16F7-4668-BE54-9A1E7A4F7556}") = "R5T.F0059", "..\..\R5T.F0059\source\R5T.F0059\R5T.F0059.csproj", "{9054B62C-8033-4F12-8E22-D06FDF646981}"
EndProject
Project("{9A19103F-16F7-4668-BE54-9A1E7A4F7556}") = "R5T.L0053", "..\..\R5T.L0053\source\R5T.L0053\R5T.L0053.csproj", "{1AED8723-6EEB-4250-83BC-A254D0671374}"
EndProject
Project("{9A19103F-16F7-4668-BE54-9A1E7A4F7556}") = "R5T.NG0002", "..\..\R5T.NG0002\source\R5T.NG0002\R5T.NG0002.csproj", "{AA4FBA51-F5B5-4E8A-B6FA-E1E2751520BF}"
EndProject
Project("{9A19103F-16F7-4668-BE54-9A1E7A4F7556}") = "R5T.NG0006", "..\..\R5T.NG0006\source\R5T.NG0006\R5T.NG0006.csproj", "{AA81875C-3102-4391-BC89-2D13DCEB91D0}"
EndProject
Project("{9A19103F-16F7-4668-BE54-9A1E7A4F7556}") = "R5T.NG0007", "..\..\R5T.NG0007\source\R5T.NG0007\R5T.NG0007.csproj", "{C77D8950-A31C-4E6A-BA40-850ADBEAC061}"
EndProject
Project("{9A19103F-16F7-4668-BE54-9A1E7A4F7556}") = "R5T.T0131", "..\..\R5T.T0131\source\R5T.T0131\R5T.T0131.csproj", "{4B495088-C2D7-4E17-BF9C-BEB33C037B1C}"
EndProject
Project("{9A19103F-16F7-4668-BE54-9A1E7A4F7556}") = "R5T.T0132", "..\..\R5T.T0132\source\R5T.T0132\R5T.T0132.csproj", "{6A9B47DC-AA65-4DAC-9A61-4ABA20B79547}"
EndProject
Project("{9A19103F-16F7-4668-BE54-9A1E7A4F7556}") = "R5T.T0141", "..\..\R5T.T0141\source\R5T.T0141\R5T.T0141.csproj", "{5B67E748-2A61-4B1C-B848-0B3F5D220394}"
EndProject
Project("{9A19103F-16F7-4668-BE54-9A1E7A4F7556}") = "R5T.T0142", "..\..\R5T.T0142\source\R5T.T0142\R5T.T0142.csproj", "{37076BBC-7F42-4A8B-9502-725F78324CFF}"
EndProject
Project("{9A19103F-16F7-4668-BE54-9A1E7A4F7556}") = "R5T.T0143", "..\..\R5T.T0143\source\R5T.T0143\R5T.T0143.csproj", "{089F0C49-215C-42F1-8609-D9E35A69284D}"
EndProject
Project("{9A19103F-16F7-4668-BE54-9A1E7A4F7556}") = "R5T.T0148", "..\..\R5T.T0148\source\R5T.T0148\R5T.T0148.csproj", "{55278FEE-D3A1-4F38-8A0C-E39AF9819E18}"
EndProject
Project("{9A19103F-16F7-4668-BE54-9A1E7A4F7556}") = "R5T.T0156", "..\..\R5T.T0156\source\R5T.T0156\R5T.T0156.csproj", "{8D3E3282-BF66-4858-9B1A-7D14CF6F72AC}"
EndProject
Project("{9A19103F-16F7-4668-BE54-9A1E7A4F7556}") = "R5T.T0158.F000", "..\..\R5T.T0158\source\R5T.T0158.F000\R5T.T0158.F000.csproj", "{165D4B66-17F7-4F57-82E6-8C9824507AD4}"
EndProject
Project("{9A19103F-16F7-4668-BE54-9A1E7A4F7556}") = "R5T.T0158.T000", "..\..\R5T.T0158\source\R5T.T0158.T000\R5T.T0158.T000.csproj", "{3E176CB5-5817-402D-A1BC-E199FCA2BD90}"
EndProject
Project("{9A19103F-16F7-4668-BE54-9A1E7A4F7556}") = "R5T.T0158", "..\..\R5T.T0158\source\R5T.T0158\R5T.T0158.csproj", "{6AB8C8AA-FA82-47BB-AE45-B986CB3589A2}"
EndProject
Project("{9A19103F-16F7-4668-BE54-9A1E7A4F7556}") = "R5T.T0159.F000", "..\..\R5T.T0159\source\R5T.T0159.F000\R5T.T0159.F000.csproj", "{D480A6D7-2FAC-475E-A69D-A14E19F98D90}"
EndProject
Project("{9A19103F-16F7-4668-BE54-9A1E7A4F7556}") = "R5T.T0159", "..\..\R5T.T0159\source\R5T.T0159\R5T.T0159.csproj", "{94074F6F-E42D-4784-883A-DA9618D7C27D}"
EndProject
Project("{9A19103F-16F7-4668-BE54-9A1E7A4F7556}") = "R5T.T0178", "..\..\R5T.T0178\source\R5T.T0178\R5T.T0178.csproj", "{01BC5594-311D-4E7C-879C-7079C4DA8A1F}"
EndProject
Project("{9A19103F-16F7-4668-BE54-9A1E7A4F7556}") = "R5T.T0179", "..\..\R5T.T0179\source\R5T.T0179\R5T.T0179.csproj", "{1441B2A5-1B25-443D-89A5-1100D5455DB0}"
EndProject
Project("{9A19103F-16F7-4668-BE54-9A1E7A4F7556}") = "R5T.T0180", "..\..\R5T.T0180\source\R5T.T0180\R5T.T0180.csproj", "{7F6F48B6-B9E7-4392-B33D-7C5C9B495F77}"
EndProject
Project("{9A19103F-16F7-4668-BE54-9A1E7A4F7556}") = "R5T.T0181", "..\..\R5T.T0181\source\R5T.T0181\R5T.T0181.csproj", "{AA9816C5-6598-423E-8B01-E781476BCCD0}"
EndProject
Project("{9A19103F-16F7-4668-BE54-9A1E7A4F7556}") = "R5T.Y0000", "..\..\R5T.Y0000\source\R5T.Y0000\R5T.Y0000.csproj", "{387F365A-68C7-4D42-9254-902A124CDD98}"
EndProject
Project("{9A19103F-16F7-4668-BE54-9A1E7A4F7556}") = "R5T.Z0000", "..\..\R5T.Z0000\source\R5T.Z0000\R5T.Z0000.csproj", "{998879C4-745C-43EF-8F08-0DBDFADB493D}"
EndProject
Project("{9A19103F-16F7-4668-BE54-9A1E7A4F7556}") = "R5T.Z0010.Platform", "..\..\R5T.Z0010\source\R5T.Z0010.Platform\R5T.Z0010.Platform.csproj", "{CCE86A5D-599C-4261-841C-E60978C2FDB7}"
EndProject
Project("{9A19103F-16F7-4668-BE54-9A1E7A4F7556}") = "R5T.Z0063.Platform", "..\..\R5T.Z0063\source\R5T.Z0063.Platform\R5T.Z0063.Platform.csproj", "{F998E88B-C85F-4E3B-B76F-7DD118DE2F4D}"
EndProject
Project("{9A19103F-16F7-4668-BE54-9A1E7A4F7556}") = "R5T.Z0063", "..\..\R5T.Z0063\source\R5T.Z0063\R5T.Z0063.csproj", "{B508E785-A8FB-44A8-B65C-6246CCF66055}"
EndProject
Project("{9A19103F-16F7-4668-BE54-9A1E7A4F7556}") = "R5T.F0120", "..\..\R5T.F0120\source\R5T.F0120\R5T.F0120.csproj", "{860B5E61-2AAD-4B44-98EA-7F1DECF6448B}"
EndProject
Project("{9A19103F-16F7-4668-BE54-9A1E7A4F7556}") = "R5T.F0124", "..\..\R5T.F0124\source\R5T.F0124\R5T.F0124.csproj", "{C586C188-D7B2-4E69-94FF-AD68340C9036}"
EndProject
Project("{9A19103F-16F7-4668-BE54-9A1E7A4F7556}") = "R5T.L0030.T000", "..\..\R5T.L0030\source\R5T.L0030.T000\R5T.L0030.T000.csproj", "{24042617-8893-45CF-AEF2-72ABB968DFC7}"
EndProject
Project("{9A19103F-16F7-4668-BE54-9A1E7A4F7556}") = "R5T.L0030", "..\..\R5T.L0030\source\R5T.L0030\R5T.L0030.csproj", "{4891A630-B341-455F-BF03-37593C7F4D48}"
EndProject
Project("{9A19103F-16F7-4668-BE54-9A1E7A4F7556}") = "R5T.L0032.T000", "..\..\R5T.L0032\source\R5T.L0032.T000\R5T.L0032.T000.csproj", "{4C71E468-1234-4239-8D43-B9F2C51AF74C}"
EndProject
Project("{9A19103F-16F7-4668-BE54-9A1E7A4F7556}") = "R5T.L0034", "..\..\R5T.L0034\source\R5T.L0034\R5T.L0034.csproj", "{9EBDA954-0E20-4456-B543-EB900B5FF760}"
EndProject
Project("{9A19103F-16F7-4668-BE54-9A1E7A4F7556}") = "R5T.L0056", "..\..\R5T.L0056\source\R5T.L0056\R5T.L0056.csproj", "{5C343C09-125D-4CF8-BD9F-E8C3BCBABB45}"
EndProject
Project("{9A19103F-16F7-4668-BE54-9A1E7A4F7556}") = "R5T.L0057", "..\..\R5T.L0057\source\R5T.L0057\R5T.L0057.csproj", "{E348856E-3F81-41B7-9EF6-4FC199079D5A}"
EndProject
Project("{9A19103F-16F7-4668-BE54-9A1E7A4F7556}") = "R5T.NG0022", "..\..\R5T.NG0022\source\R5T.NG0022\R5T.NG0022.csproj", "{B620EBA7-33BB-4759-817D-BB45D67435D3}"
EndProject
Project("{9A19103F-16F7-4668-BE54-9A1E7A4F7556}") = "R5T.T0150", "..\..\R5T.T0150\source\R5T.T0150\R5T.T0150.csproj", "{EBD37817-0019-4981-A604-5C48E72396A9}"
EndProject
Project("{9A19103F-16F7-4668-BE54-9A1E7A4F7556}") = "R5T.T0151", "..\..\R5T.T0151\source\R5T.T0151\R5T.T0151.csproj", "{825443EB-8FFE-41E2-83EC-E63B269D0277}"
EndProject
Project("{9A19103F-16F7-4668-BE54-9A1E7A4F7556}") = "R5T.T0161", "..\..\R5T.T0161\source\R5T.T0161\R5T.T0161.csproj", "{338B8B35-70AC-4660-89FC-A25E1F3D7558}"
EndProject
Project("{9A19103F-16F7-4668-BE54-9A1E7A4F7556}") = "R5T.T0172", "..\..\R5T.T0172\source\R5T.T0172\R5T.T0172.csproj", "{234AFC99-EAA0-4C64-9E24-24679D1E01AC}"
EndProject
Project("{9A19103F-16F7-4668-BE54-9A1E7A4F7556}") = "R5T.T0174", "..\..\R5T.T0174\source\R5T.T0174\R5T.T0174.csproj", "{8500E293-FE00-4601-BBFC-B7A45273F102}"
EndProject
Project("{9A19103F-16F7-4668-BE54-9A1E7A4F7556}") = "R5T.T0176", "..\..\R5T.T0176\source\R5T.T0176\R5T.T0176.csproj", "{F4555E4D-1C60-43C5-B4AA-A434D0F125D3}"
EndProject
Project("{9A19103F-16F7-4668-BE54-9A1E7A4F7556}") = "R5T.T0177", "..\..\R5T.T0177\source\R5T.T0177\R5T.T0177.csproj", "{4D30A492-4B17-4E62-A9BA-09CFB50E616F}"
EndProject
Project("{9A19103F-16F7-4668-BE54-9A1E7A4F7556}") = "R5T.T0184", "..\..\R5T.T0184\source\R5T.T0184\R5T.T0184.csproj", "{BC0C8E52-778B-4C37-B92F-738A8CA7A957}"
EndProject
Project("{9A19103F-16F7-4668-BE54-9A1E7A4F7556}") = "R5T.T0185", "..\..\R5T.T0185\source\R5T.T0185\R5T.T0185.csproj", "{4D3614EC-584E-4D62-8429-18522197A13F}"
EndProject
Project("{9A19103F-16F7-4668-BE54-9A1E7A4F7556}") = "R5T.T0186", "..\..\R5T.T0186\source\R5T.T0186\R5T.T0186.csproj", "{8B24E206-AC53-428B-8FA6-81E4E402C0A4}"
EndProject
Project("{9A19103F-16F7-4668-BE54-9A1E7A4F7556}") = "R5T.T0187", "..\..\R5T.T0187\source\R5T.T0187\R5T.T0187.csproj", "{2E12F320-3B11-4EE7-B056-2CDAF6047270}"
EndProject
Project("{9A19103F-16F7-4668-BE54-9A1E7A4F7556}") = "R5T.T0196", "..\..\R5T.T0196\source\R5T.T0196\R5T.T0196.csproj", "{53AC7C37-9AD4-4F53-913D-770B6562761A}"
EndProject
Project("{9A19103F-16F7-4668-BE54-9A1E7A4F7556}") = "R5T.T0197", "..\..\R5T.T0197\source\R5T.T0197\R5T.T0197.csproj", "{525FAA3C-902D-468B-8965-7B373E92E351}"
EndProject
Project("{9A19103F-16F7-4668-BE54-9A1E7A4F7556}") = "R5T.T0198", "..\..\R5T.T0198\source\R5T.T0198\R5T.T0198.csproj", "{7D6AC4BD-D324-40C6-87A2-AA4E4CC3C4E5}"
EndProject
Project("{9A19103F-16F7-4668-BE54-9A1E7A4F7556}") = "R5T.T0199", "..\..\R5T.T0199\source\R5T.T0199\R5T.T0199.csproj", "{56E89610-4216-4226-8D85-9FF4BC7254E5}"
EndProject
Project("{9A19103F-16F7-4668-BE54-9A1E7A4F7556}") = "R5T.T0200", "..\..\R5T.T0200\source\R5T.T0200\R5T.T0200.csproj", "{8973B3F2-6001-45D5-B122-0168273E948F}"
EndProject
Project("{9A19103F-16F7-4668-BE54-9A1E7A4F7556}") = "R5T.T0203", "..\..\R5T.T0203\source\R5T.T0203\R5T.T0203.csproj", "{CAC5B719-3D0D-4CB5-9A07-E6E735EBE713}"
EndProject
Project("{9A19103F-16F7-4668-BE54-9A1E7A4F7556}") = "R5T.T0213", "..\..\R5T.T0213\source\R5T.T0213\R5T.T0213.csproj", "{20908413-1C9C-478E-8EA3-38408B9F5B4F}"
EndProject
Project("{9A19103F-16F7-4668-BE54-9A1E7A4F7556}") = "R5T.T0218", "..\..\R5T.T0218\source\R5T.T0218\R5T.T0218.csproj", "{D27F18F7-6353-4F81-908E-2957F674874A}"
EndProject
Project("{9A19103F-16F7-4668-BE54-9A1E7A4F7556}") = "R5T.T0220", "..\..\R5T.T0220\source\R5T.T0220\R5T.T0220.csproj", "{E69CE59D-A376-423F-B79A-2308EF1A9822}"
EndProject
Project("{9A19103F-16F7-4668-BE54-9A1E7A4F7556}") = "R5T.T0221", "..\..\R5T.T0221\source\R5T.T0221\R5T.T0221.csproj", "{28AA5A43-2222-410A-A13F-65B288AD707E}"
EndProject
Project("{9A19103F-16F7-4668-BE54-9A1E7A4F7556}") = "R5T.T0224", "..\..\R5T.T0224\source\R5T.T0224\R5T.T0224.csproj", "{1581FD5D-EF6B-4A15-8325-0B91CE5CBB98}"
EndProject
Project("{9A19103F-16F7-4668-BE54-9A1E7A4F7556}") = "R5T.Z0010", "..\..\R5T.Z0010\source\R5T.Z0010\R5T.Z0010.csproj", "{616EEC92-FF61-46A0-8214-2C8969FD0E89}"
EndProject
Project("{9A19103F-16F7-4668-BE54-9A1E7A4F7556}") = "R5T.Z0046.Platform", "..\..\R5T.Z0046\source\R5T.Z0046.Platform\R5T.Z0046.Platform.csproj", "{7EDC6090-EDE6-4F82-B219-442471F7168D}"
EndProject
Project("{9A19103F-16F7-4668-BE54-9A1E7A4F7556}") = "R5T.Z0046", "..\..\R5T.Z0046\source\R5T.Z0046\R5T.Z0046.csproj", "{0B866F5A-1F49-4FD8-B6BC-03DE3157BECD}"
EndProject
Global
	GlobalSection(NestedProjects) = preSolution
		{3FDD4BAD-4592-4EAC-A2D5-1896A1A63A89} = {72CA620E-732C-42FC-8930-BABCB0BF7D28}
		{A5363B83-B3A9-4A71-B8C6-8B19D59BBBB6} = {72CA620E-732C-42FC-8930-BABCB0BF7D28}
		{28EB0239-9A0A-450A-9740-1E6FAD165FEC} = {72CA620E-732C-42FC-8930-BABCB0BF7D28}
		{F83361A2-9B9C-4E78-BC50-7DEF71C7FD58} = {72CA620E-732C-42FC-8930-BABCB0BF7D28}
		{097EA906-9D68-42FD-A677-DF0FAA1537E0} = {72CA620E-732C-42FC-8930-BABCB0BF7D28}
		{7DFB9782-BE27-4E5D-A232-20A06E6E677F} = {72CA620E-732C-42FC-8930-BABCB0BF7D28}
		{9054B62C-8033-4F12-8E22-D06FDF646981} = {72CA620E-732C-42FC-8930-BABCB0BF7D28}
		{1AED8723-6EEB-4250-83BC-A254D0671374} = {72CA620E-732C-42FC-8930-BABCB0BF7D28}
		{AA4FBA51-F5B5-4E8A-B6FA-E1E2751520BF} = {72CA620E-732C-42FC-8930-BABCB0BF7D28}
		{AA81875C-3102-4391-BC89-2D13DCEB91D0} = {72CA620E-732C-42FC-8930-BABCB0BF7D28}
		{C77D8950-A31C-4E6A-BA40-850ADBEAC061} = {72CA620E-732C-42FC-8930-BABCB0BF7D28}
		{4B495088-C2D7-4E17-BF9C-BEB33C037B1C} = {72CA620E-732C-42FC-8930-BABCB0BF7D28}
		{6A9B47DC-AA65-4DAC-9A61-4ABA20B79547} = {72CA620E-732C-42FC-8930-BABCB0BF7D28}
		{5B67E748-2A61-4B1C-B848-0B3F5D220394} = {72CA620E-732C-42FC-8930-BABCB0BF7D28}
		{37076BBC-7F42-4A8B-9502-725F78324CFF} = {72CA620E-732C-42FC-8930-BABCB0BF7D28}
		{089F0C49-215C-42F1-8609-D9E35A69284D} = {72CA620E-732C-42FC-8930-BABCB0BF7D28}
		{55278FEE-D3A1-4F38-8A0C-E39AF9819E18} = {72CA620E-732C-42FC-8930-BABCB0BF7D28}
		{8D3E3282-BF66-4858-9B1A-7D14CF6F72AC} = {72CA620E-732C-42FC-8930-BABCB0BF7D28}
		{165D4B66-17F7-4F57-82E6-8C9824507AD4} = {72CA620E-732C-42FC-8930-BABCB0BF7D28}
		{3E176CB5-5817-402D-A1BC-E199FCA2BD90} = {72CA620E-732C-42FC-8930-BABCB0BF7D28}
		{6AB8C8AA-FA82-47BB-AE45-B986CB3589A2} = {72CA620E-732C-42FC-8930-BABCB0BF7D28}
		{D480A6D7-2FAC-475E-A69D-A14E19F98D90} = {72CA620E-732C-42FC-8930-BABCB0BF7D28}
		{94074F6F-E42D-4784-883A-DA9618D7C27D} = {72CA620E-732C-42FC-8930-BABCB0BF7D28}
		{01BC5594-311D-4E7C-879C-7079C4DA8A1F} = {72CA620E-732C-42FC-8930-BABCB0BF7D28}
		{1441B2A5-1B25-443D-89A5-1100D5455DB0} = {72CA620E-732C-42FC-8930-BABCB0BF7D28}
		{7F6F48B6-B9E7-4392-B33D-7C5C9B495F77} = {72CA620E-732C-42FC-8930-BABCB0BF7D28}
		{AA9816C5-6598-423E-8B01-E781476BCCD0} = {72CA620E-732C-42FC-8930-BABCB0BF7D28}
		{387F365A-68C7-4D42-9254-902A124CDD98} = {72CA620E-732C-42FC-8930-BABCB0BF7D28}
		{998879C4-745C-43EF-8F08-0DBDFADB493D} = {72CA620E-732C-42FC-8930-BABCB0BF7D28}
		{CCE86A5D-599C-4261-841C-E60978C2FDB7} = {72CA620E-732C-42FC-8930-BABCB0BF7D28}
		{F998E88B-C85F-4E3B-B76F-7DD118DE2F4D} = {72CA620E-732C-42FC-8930-BABCB0BF7D28}
		{B508E785-A8FB-44A8-B65C-6246CCF66055} = {72CA620E-732C-42FC-8930-BABCB0BF7D28}
		{860B5E61-2AAD-4B44-98EA-7F1DECF6448B} = {72CA620E-732C-42FC-8930-BABCB0BF7D28}
		{C586C188-D7B2-4E69-94FF-AD68340C9036} = {72CA620E-732C-42FC-8930-BABCB0BF7D28}
		{24042617-8893-45CF-AEF2-72ABB968DFC7} = {72CA620E-732C-42FC-8930-BABCB0BF7D28}
		{4891A630-B341-455F-BF03-37593C7F4D48} = {72CA620E-732C-42FC-8930-BABCB0BF7D28}
		{4C71E468-1234-4239-8D43-B9F2C51AF74C} = {72CA620E-732C-42FC-8930-BABCB0BF7D28}
		{9EBDA954-0E20-4456-B543-EB900B5FF760} = {72CA620E-732C-42FC-8930-BABCB0BF7D28}
		{5C343C09-125D-4CF8-BD9F-E8C3BCBABB45} = {72CA620E-732C-42FC-8930-BABCB0BF7D28}
		{E348856E-3F81-41B7-9EF6-4FC199079D5A} = {72CA620E-732C-42FC-8930-BABCB0BF7D28}
		{B620EBA7-33BB-4759-817D-BB45D67435D3} = {72CA620E-732C-42FC-8930-BABCB0BF7D28}
		{EBD37817-0019-4981-A604-5C48E72396A9} = {72CA620E-732C-42FC-8930-BABCB0BF7D28}
		{825443EB-8FFE-41E2-83EC-E63B269D0277} = {72CA620E-732C-42FC-8930-BABCB0BF7D28}
		{338B8B35-70AC-4660-89FC-A25E1F3D7558} = {72CA620E-732C-42FC-8930-BABCB0BF7D28}
		{234AFC99-EAA0-4C64-9E24-24679D1E01AC} = {72CA620E-732C-42FC-8930-BABCB0BF7D28}
		{8500E293-FE00-4601-BBFC-B7A45273F102} = {72CA620E-732C-42FC-8930-BABCB0BF7D28}
		{F4555E4D-1C60-43C5-B4AA-A434D0F125D3} = {72CA620E-732C-42FC-8930-BABCB0BF7D28}
		{4D30A492-4B17-4E62-A9BA-09CFB50E616F} = {72CA620E-732C-42FC-8930-BABCB0BF7D28}
		{BC0C8E52-778B-4C37-B92F-738A8CA7A957} = {72CA620E-732C-42FC-8930-BABCB0BF7D28}
		{4D3614EC-584E-4D62-8429-18522197A13F} = {72CA620E-732C-42FC-8930-BABCB0BF7D28}
		{8B24E206-AC53-428B-8FA6-81E4E402C0A4} = {72CA620E-732C-42FC-8930-BABCB0BF7D28}
		{2E12F320-3B11-4EE7-B056-2CDAF6047270} = {72CA620E-732C-42FC-8930-BABCB0BF7D28}
		{53AC7C37-9AD4-4F53-913D-770B6562761A} = {72CA620E-732C-42FC-8930-BABCB0BF7D28}
		{525FAA3C-902D-468B-8965-7B373E92E351} = {72CA620E-732C-42FC-8930-BABCB0BF7D28}
		{7D6AC4BD-D324-40C6-87A2-AA4E4CC3C4E5} = {72CA620E-732C-42FC-8930-BABCB0BF7D28}
		{56E89610-4216-4226-8D85-9FF4BC7254E5} = {72CA620E-732C-42FC-8930-BABCB0BF7D28}
		{8973B3F2-6001-45D5-B122-0168273E948F} = {72CA620E-732C-42FC-8930-BABCB0BF7D28}
		{CAC5B719-3D0D-4CB5-9A07-E6E735EBE713} = {72CA620E-732C-42FC-8930-BABCB0BF7D28}
		{20908413-1C9C-478E-8EA3-38408B9F5B4F} = {72CA620E-732C-42FC-8930-BABCB0BF7D28}
		{D27F18F7-6353-4F81-908E-2957F674874A} = {72CA620E-732C-42FC-8930-BABCB0BF7D28}
		{E69CE59D-A376-423F-B79A-2308EF1A9822} = {72CA620E-732C-42FC-8930-BABCB0BF7D28}
		{28AA5A43-2222-410A-A13F-65B288AD707E} = {72CA620E-732C-42FC-8930-BABCB0BF7D28}
		{1581FD5D-EF6B-4A15-8325-0B91CE5CBB98} = {72CA620E-732C-42FC-8930-BABCB0BF7D28}
		{616EEC92-FF61-46A0-8214-2C8969FD0E89} = {72CA620E-732C-42FC-8930-BABCB0BF7D28}
		{7EDC6090-EDE6-4F82-B219-442471F7168D} = {72CA620E-732C-42FC-8930-BABCB0BF7D28}
		{0B866F5A-1F49-4FD8-B6BC-03DE3157BECD} = {72CA620E-732C-42FC-8930-BABCB0BF7D28}
	EndGlobalSection
	GlobalSection(SolutionConfigurationPlatforms) = preSolution
		Debug|Any CPU = Debug|Any CPU
		Release|Any CPU = Release|Any CPU
	EndGlobalSection
	GlobalSection(ProjectConfigurationPlatforms) = postSolution
		{D5951A2E-0952-4310-851F-FCB572D6E11F}.Debug|Any CPU.ActiveCfg = Debug|Any CPU
		{D5951A2E-0952-4310-851F-FCB572D6E11F}.Debug|Any CPU.Build.0 = Debug|Any CPU
		{D5951A2E-0952-4310-851F-FCB572D6E11F}.Release|Any CPU.ActiveCfg = Release|Any CPU
		{D5951A2E-0952-4310-851F-FCB572D6E11F}.Release|Any CPU.Build.0 = Release|Any CPU
		{0D2F6258-3934-4533-BDA3-320784B99B44}.Debug|Any CPU.ActiveCfg = Debug|Any CPU
		{0D2F6258-3934-4533-BDA3-320784B99B44}.Debug|Any CPU.Build.0 = Debug|Any CPU
		{0D2F6258-3934-4533-BDA3-320784B99B44}.Release|Any CPU.ActiveCfg = Release|Any CPU
		{0D2F6258-3934-4533-BDA3-320784B99B44}.Release|Any CPU.Build.0 = Release|Any CPU
		{3FDD4BAD-4592-4EAC-A2D5-1896A1A63A89}.Debug|Any CPU.ActiveCfg = Debug|Any CPU
		{3FDD4BAD-4592-4EAC-A2D5-1896A1A63A89}.Debug|Any CPU.Build.0 = Debug|Any CPU
		{3FDD4BAD-4592-4EAC-A2D5-1896A1A63A89}.Release|Any CPU.ActiveCfg = Release|Any CPU
		{3FDD4BAD-4592-4EAC-A2D5-1896A1A63A89}.Release|Any CPU.Build.0 = Release|Any CPU
		{A5363B83-B3A9-4A71-B8C6-8B19D59BBBB6}.Debug|Any CPU.ActiveCfg = Debug|Any CPU
		{A5363B83-B3A9-4A71-B8C6-8B19D59BBBB6}.Debug|Any CPU.Build.0 = Debug|Any CPU
		{A5363B83-B3A9-4A71-B8C6-8B19D59BBBB6}.Release|Any CPU.ActiveCfg = Release|Any CPU
		{A5363B83-B3A9-4A71-B8C6-8B19D59BBBB6}.Release|Any CPU.Build.0 = Release|Any CPU
		{28EB0239-9A0A-450A-9740-1E6FAD165FEC}.Debug|Any CPU.ActiveCfg = Debug|Any CPU
		{28EB0239-9A0A-450A-9740-1E6FAD165FEC}.Debug|Any CPU.Build.0 = Debug|Any CPU
		{28EB0239-9A0A-450A-9740-1E6FAD165FEC}.Release|Any CPU.ActiveCfg = Release|Any CPU
		{28EB0239-9A0A-450A-9740-1E6FAD165FEC}.Release|Any CPU.Build.0 = Release|Any CPU
		{F83361A2-9B9C-4E78-BC50-7DEF71C7FD58}.Debug|Any CPU.ActiveCfg = Debug|Any CPU
		{F83361A2-9B9C-4E78-BC50-7DEF71C7FD58}.Debug|Any CPU.Build.0 = Debug|Any CPU
		{F83361A2-9B9C-4E78-BC50-7DEF71C7FD58}.Release|Any CPU.ActiveCfg = Release|Any CPU
		{F83361A2-9B9C-4E78-BC50-7DEF71C7FD58}.Release|Any CPU.Build.0 = Release|Any CPU
		{097EA906-9D68-42FD-A677-DF0FAA1537E0}.Debug|Any CPU.ActiveCfg = Debug|Any CPU
		{097EA906-9D68-42FD-A677-DF0FAA1537E0}.Debug|Any CPU.Build.0 = Debug|Any CPU
		{097EA906-9D68-42FD-A677-DF0FAA1537E0}.Release|Any CPU.ActiveCfg = Release|Any CPU
		{097EA906-9D68-42FD-A677-DF0FAA1537E0}.Release|Any CPU.Build.0 = Release|Any CPU
		{7DFB9782-BE27-4E5D-A232-20A06E6E677F}.Debug|Any CPU.ActiveCfg = Debug|Any CPU
		{7DFB9782-BE27-4E5D-A232-20A06E6E677F}.Debug|Any CPU.Build.0 = Debug|Any CPU
		{7DFB9782-BE27-4E5D-A232-20A06E6E677F}.Release|Any CPU.ActiveCfg = Release|Any CPU
		{7DFB9782-BE27-4E5D-A232-20A06E6E677F}.Release|Any CPU.Build.0 = Release|Any CPU
		{9054B62C-8033-4F12-8E22-D06FDF646981}.Debug|Any CPU.ActiveCfg = Debug|Any CPU
		{9054B62C-8033-4F12-8E22-D06FDF646981}.Debug|Any CPU.Build.0 = Debug|Any CPU
		{9054B62C-8033-4F12-8E22-D06FDF646981}.Release|Any CPU.ActiveCfg = Release|Any CPU
		{9054B62C-8033-4F12-8E22-D06FDF646981}.Release|Any CPU.Build.0 = Release|Any CPU
		{1AED8723-6EEB-4250-83BC-A254D0671374}.Debug|Any CPU.ActiveCfg = Debug|Any CPU
		{1AED8723-6EEB-4250-83BC-A254D0671374}.Debug|Any CPU.Build.0 = Debug|Any CPU
		{1AED8723-6EEB-4250-83BC-A254D0671374}.Release|Any CPU.ActiveCfg = Release|Any CPU
		{1AED8723-6EEB-4250-83BC-A254D0671374}.Release|Any CPU.Build.0 = Release|Any CPU
		{AA4FBA51-F5B5-4E8A-B6FA-E1E2751520BF}.Debug|Any CPU.ActiveCfg = Debug|Any CPU
		{AA4FBA51-F5B5-4E8A-B6FA-E1E2751520BF}.Debug|Any CPU.Build.0 = Debug|Any CPU
		{AA4FBA51-F5B5-4E8A-B6FA-E1E2751520BF}.Release|Any CPU.ActiveCfg = Release|Any CPU
		{AA4FBA51-F5B5-4E8A-B6FA-E1E2751520BF}.Release|Any CPU.Build.0 = Release|Any CPU
		{AA81875C-3102-4391-BC89-2D13DCEB91D0}.Debug|Any CPU.ActiveCfg = Debug|Any CPU
		{AA81875C-3102-4391-BC89-2D13DCEB91D0}.Debug|Any CPU.Build.0 = Debug|Any CPU
		{AA81875C-3102-4391-BC89-2D13DCEB91D0}.Release|Any CPU.ActiveCfg = Release|Any CPU
		{AA81875C-3102-4391-BC89-2D13DCEB91D0}.Release|Any CPU.Build.0 = Release|Any CPU
		{C77D8950-A31C-4E6A-BA40-850ADBEAC061}.Debug|Any CPU.ActiveCfg = Debug|Any CPU
		{C77D8950-A31C-4E6A-BA40-850ADBEAC061}.Debug|Any CPU.Build.0 = Debug|Any CPU
		{C77D8950-A31C-4E6A-BA40-850ADBEAC061}.Release|Any CPU.ActiveCfg = Release|Any CPU
		{C77D8950-A31C-4E6A-BA40-850ADBEAC061}.Release|Any CPU.Build.0 = Release|Any CPU
		{4B495088-C2D7-4E17-BF9C-BEB33C037B1C}.Debug|Any CPU.ActiveCfg = Debug|Any CPU
		{4B495088-C2D7-4E17-BF9C-BEB33C037B1C}.Debug|Any CPU.Build.0 = Debug|Any CPU
		{4B495088-C2D7-4E17-BF9C-BEB33C037B1C}.Release|Any CPU.ActiveCfg = Release|Any CPU
		{4B495088-C2D7-4E17-BF9C-BEB33C037B1C}.Release|Any CPU.Build.0 = Release|Any CPU
		{6A9B47DC-AA65-4DAC-9A61-4ABA20B79547}.Debug|Any CPU.ActiveCfg = Debug|Any CPU
		{6A9B47DC-AA65-4DAC-9A61-4ABA20B79547}.Debug|Any CPU.Build.0 = Debug|Any CPU
		{6A9B47DC-AA65-4DAC-9A61-4ABA20B79547}.Release|Any CPU.ActiveCfg = Release|Any CPU
		{6A9B47DC-AA65-4DAC-9A61-4ABA20B79547}.Release|Any CPU.Build.0 = Release|Any CPU
		{5B67E748-2A61-4B1C-B848-0B3F5D220394}.Debug|Any CPU.ActiveCfg = Debug|Any CPU
		{5B67E748-2A61-4B1C-B848-0B3F5D220394}.Debug|Any CPU.Build.0 = Debug|Any CPU
		{5B67E748-2A61-4B1C-B848-0B3F5D220394}.Release|Any CPU.ActiveCfg = Release|Any CPU
		{5B67E748-2A61-4B1C-B848-0B3F5D220394}.Release|Any CPU.Build.0 = Release|Any CPU
		{37076BBC-7F42-4A8B-9502-725F78324CFF}.Debug|Any CPU.ActiveCfg = Debug|Any CPU
		{37076BBC-7F42-4A8B-9502-725F78324CFF}.Debug|Any CPU.Build.0 = Debug|Any CPU
		{37076BBC-7F42-4A8B-9502-725F78324CFF}.Release|Any CPU.ActiveCfg = Release|Any CPU
		{37076BBC-7F42-4A8B-9502-725F78324CFF}.Release|Any CPU.Build.0 = Release|Any CPU
		{089F0C49-215C-42F1-8609-D9E35A69284D}.Debug|Any CPU.ActiveCfg = Debug|Any CPU
		{089F0C49-215C-42F1-8609-D9E35A69284D}.Debug|Any CPU.Build.0 = Debug|Any CPU
		{089F0C49-215C-42F1-8609-D9E35A69284D}.Release|Any CPU.ActiveCfg = Release|Any CPU
		{089F0C49-215C-42F1-8609-D9E35A69284D}.Release|Any CPU.Build.0 = Release|Any CPU
		{55278FEE-D3A1-4F38-8A0C-E39AF9819E18}.Debug|Any CPU.ActiveCfg = Debug|Any CPU
		{55278FEE-D3A1-4F38-8A0C-E39AF9819E18}.Debug|Any CPU.Build.0 = Debug|Any CPU
		{55278FEE-D3A1-4F38-8A0C-E39AF9819E18}.Release|Any CPU.ActiveCfg = Release|Any CPU
		{55278FEE-D3A1-4F38-8A0C-E39AF9819E18}.Release|Any CPU.Build.0 = Release|Any CPU
		{8D3E3282-BF66-4858-9B1A-7D14CF6F72AC}.Debug|Any CPU.ActiveCfg = Debug|Any CPU
		{8D3E3282-BF66-4858-9B1A-7D14CF6F72AC}.Debug|Any CPU.Build.0 = Debug|Any CPU
		{8D3E3282-BF66-4858-9B1A-7D14CF6F72AC}.Release|Any CPU.ActiveCfg = Release|Any CPU
		{8D3E3282-BF66-4858-9B1A-7D14CF6F72AC}.Release|Any CPU.Build.0 = Release|Any CPU
		{165D4B66-17F7-4F57-82E6-8C9824507AD4}.Debug|Any CPU.ActiveCfg = Debug|Any CPU
		{165D4B66-17F7-4F57-82E6-8C9824507AD4}.Debug|Any CPU.Build.0 = Debug|Any CPU
		{165D4B66-17F7-4F57-82E6-8C9824507AD4}.Release|Any CPU.ActiveCfg = Release|Any CPU
		{165D4B66-17F7-4F57-82E6-8C9824507AD4}.Release|Any CPU.Build.0 = Release|Any CPU
		{3E176CB5-5817-402D-A1BC-E199FCA2BD90}.Debug|Any CPU.ActiveCfg = Debug|Any CPU
		{3E176CB5-5817-402D-A1BC-E199FCA2BD90}.Debug|Any CPU.Build.0 = Debug|Any CPU
		{3E176CB5-5817-402D-A1BC-E199FCA2BD90}.Release|Any CPU.ActiveCfg = Release|Any CPU
		{3E176CB5-5817-402D-A1BC-E199FCA2BD90}.Release|Any CPU.Build.0 = Release|Any CPU
		{6AB8C8AA-FA82-47BB-AE45-B986CB3589A2}.Debug|Any CPU.ActiveCfg = Debug|Any CPU
		{6AB8C8AA-FA82-47BB-AE45-B986CB3589A2}.Debug|Any CPU.Build.0 = Debug|Any CPU
		{6AB8C8AA-FA82-47BB-AE45-B986CB3589A2}.Release|Any CPU.ActiveCfg = Release|Any CPU
		{6AB8C8AA-FA82-47BB-AE45-B986CB3589A2}.Release|Any CPU.Build.0 = Release|Any CPU
		{D480A6D7-2FAC-475E-A69D-A14E19F98D90}.Debug|Any CPU.ActiveCfg = Debug|Any CPU
		{D480A6D7-2FAC-475E-A69D-A14E19F98D90}.Debug|Any CPU.Build.0 = Debug|Any CPU
		{D480A6D7-2FAC-475E-A69D-A14E19F98D90}.Release|Any CPU.ActiveCfg = Release|Any CPU
		{D480A6D7-2FAC-475E-A69D-A14E19F98D90}.Release|Any CPU.Build.0 = Release|Any CPU
		{94074F6F-E42D-4784-883A-DA9618D7C27D}.Debug|Any CPU.ActiveCfg = Debug|Any CPU
		{94074F6F-E42D-4784-883A-DA9618D7C27D}.Debug|Any CPU.Build.0 = Debug|Any CPU
		{94074F6F-E42D-4784-883A-DA9618D7C27D}.Release|Any CPU.ActiveCfg = Release|Any CPU
		{94074F6F-E42D-4784-883A-DA9618D7C27D}.Release|Any CPU.Build.0 = Release|Any CPU
		{01BC5594-311D-4E7C-879C-7079C4DA8A1F}.Debug|Any CPU.ActiveCfg = Debug|Any CPU
		{01BC5594-311D-4E7C-879C-7079C4DA8A1F}.Debug|Any CPU.Build.0 = Debug|Any CPU
		{01BC5594-311D-4E7C-879C-7079C4DA8A1F}.Release|Any CPU.ActiveCfg = Release|Any CPU
		{01BC5594-311D-4E7C-879C-7079C4DA8A1F}.Release|Any CPU.Build.0 = Release|Any CPU
		{1441B2A5-1B25-443D-89A5-1100D5455DB0}.Debug|Any CPU.ActiveCfg = Debug|Any CPU
		{1441B2A5-1B25-443D-89A5-1100D5455DB0}.Debug|Any CPU.Build.0 = Debug|Any CPU
		{1441B2A5-1B25-443D-89A5-1100D5455DB0}.Release|Any CPU.ActiveCfg = Release|Any CPU
		{1441B2A5-1B25-443D-89A5-1100D5455DB0}.Release|Any CPU.Build.0 = Release|Any CPU
		{7F6F48B6-B9E7-4392-B33D-7C5C9B495F77}.Debug|Any CPU.ActiveCfg = Debug|Any CPU
		{7F6F48B6-B9E7-4392-B33D-7C5C9B495F77}.Debug|Any CPU.Build.0 = Debug|Any CPU
		{7F6F48B6-B9E7-4392-B33D-7C5C9B495F77}.Release|Any CPU.ActiveCfg = Release|Any CPU
		{7F6F48B6-B9E7-4392-B33D-7C5C9B495F77}.Release|Any CPU.Build.0 = Release|Any CPU
		{AA9816C5-6598-423E-8B01-E781476BCCD0}.Debug|Any CPU.ActiveCfg = Debug|Any CPU
		{AA9816C5-6598-423E-8B01-E781476BCCD0}.Debug|Any CPU.Build.0 = Debug|Any CPU
		{AA9816C5-6598-423E-8B01-E781476BCCD0}.Release|Any CPU.ActiveCfg = Release|Any CPU
		{AA9816C5-6598-423E-8B01-E781476BCCD0}.Release|Any CPU.Build.0 = Release|Any CPU
		{387F365A-68C7-4D42-9254-902A124CDD98}.Debug|Any CPU.ActiveCfg = Debug|Any CPU
		{387F365A-68C7-4D42-9254-902A124CDD98}.Debug|Any CPU.Build.0 = Debug|Any CPU
		{387F365A-68C7-4D42-9254-902A124CDD98}.Release|Any CPU.ActiveCfg = Release|Any CPU
		{387F365A-68C7-4D42-9254-902A124CDD98}.Release|Any CPU.Build.0 = Release|Any CPU
		{998879C4-745C-43EF-8F08-0DBDFADB493D}.Debug|Any CPU.ActiveCfg = Debug|Any CPU
		{998879C4-745C-43EF-8F08-0DBDFADB493D}.Debug|Any CPU.Build.0 = Debug|Any CPU
		{998879C4-745C-43EF-8F08-0DBDFADB493D}.Release|Any CPU.ActiveCfg = Release|Any CPU
		{998879C4-745C-43EF-8F08-0DBDFADB493D}.Release|Any CPU.Build.0 = Release|Any CPU
		{CCE86A5D-599C-4261-841C-E60978C2FDB7}.Debug|Any CPU.ActiveCfg = Debug|Any CPU
		{CCE86A5D-599C-4261-841C-E60978C2FDB7}.Debug|Any CPU.Build.0 = Debug|Any CPU
		{CCE86A5D-599C-4261-841C-E60978C2FDB7}.Release|Any CPU.ActiveCfg = Release|Any CPU
		{CCE86A5D-599C-4261-841C-E60978C2FDB7}.Release|Any CPU.Build.0 = Release|Any CPU
		{F998E88B-C85F-4E3B-B76F-7DD118DE2F4D}.Debug|Any CPU.ActiveCfg = Debug|Any CPU
		{F998E88B-C85F-4E3B-B76F-7DD118DE2F4D}.Debug|Any CPU.Build.0 = Debug|Any CPU
		{F998E88B-C85F-4E3B-B76F-7DD118DE2F4D}.Release|Any CPU.ActiveCfg = Release|Any CPU
		{F998E88B-C85F-4E3B-B76F-7DD118DE2F4D}.Release|Any CPU.Build.0 = Release|Any CPU
		{B508E785-A8FB-44A8-B65C-6246CCF66055}.Debug|Any CPU.ActiveCfg = Debug|Any CPU
		{B508E785-A8FB-44A8-B65C-6246CCF66055}.Debug|Any CPU.Build.0 = Debug|Any CPU
		{B508E785-A8FB-44A8-B65C-6246CCF66055}.Release|Any CPU.ActiveCfg = Release|Any CPU
		{B508E785-A8FB-44A8-B65C-6246CCF66055}.Release|Any CPU.Build.0 = Release|Any CPU
		{860B5E61-2AAD-4B44-98EA-7F1DECF6448B}.Debug|Any CPU.ActiveCfg = Debug|Any CPU
		{860B5E61-2AAD-4B44-98EA-7F1DECF6448B}.Debug|Any CPU.Build.0 = Debug|Any CPU
		{860B5E61-2AAD-4B44-98EA-7F1DECF6448B}.Release|Any CPU.ActiveCfg = Release|Any CPU
		{860B5E61-2AAD-4B44-98EA-7F1DECF6448B}.Release|Any CPU.Build.0 = Release|Any CPU
		{C586C188-D7B2-4E69-94FF-AD68340C9036}.Debug|Any CPU.ActiveCfg = Debug|Any CPU
		{C586C188-D7B2-4E69-94FF-AD68340C9036}.Debug|Any CPU.Build.0 = Debug|Any CPU
		{C586C188-D7B2-4E69-94FF-AD68340C9036}.Release|Any CPU.ActiveCfg = Release|Any CPU
		{C586C188-D7B2-4E69-94FF-AD68340C9036}.Release|Any CPU.Build.0 = Release|Any CPU
		{24042617-8893-45CF-AEF2-72ABB968DFC7}.Debug|Any CPU.ActiveCfg = Debug|Any CPU
		{24042617-8893-45CF-AEF2-72ABB968DFC7}.Debug|Any CPU.Build.0 = Debug|Any CPU
		{24042617-8893-45CF-AEF2-72ABB968DFC7}.Release|Any CPU.ActiveCfg = Release|Any CPU
		{24042617-8893-45CF-AEF2-72ABB968DFC7}.Release|Any CPU.Build.0 = Release|Any CPU
		{4891A630-B341-455F-BF03-37593C7F4D48}.Debug|Any CPU.ActiveCfg = Debug|Any CPU
		{4891A630-B341-455F-BF03-37593C7F4D48}.Debug|Any CPU.Build.0 = Debug|Any CPU
		{4891A630-B341-455F-BF03-37593C7F4D48}.Release|Any CPU.ActiveCfg = Release|Any CPU
		{4891A630-B341-455F-BF03-37593C7F4D48}.Release|Any CPU.Build.0 = Release|Any CPU
		{4C71E468-1234-4239-8D43-B9F2C51AF74C}.Debug|Any CPU.ActiveCfg = Debug|Any CPU
		{4C71E468-1234-4239-8D43-B9F2C51AF74C}.Debug|Any CPU.Build.0 = Debug|Any CPU
		{4C71E468-1234-4239-8D43-B9F2C51AF74C}.Release|Any CPU.ActiveCfg = Release|Any CPU
		{4C71E468-1234-4239-8D43-B9F2C51AF74C}.Release|Any CPU.Build.0 = Release|Any CPU
		{9EBDA954-0E20-4456-B543-EB900B5FF760}.Debug|Any CPU.ActiveCfg = Debug|Any CPU
		{9EBDA954-0E20-4456-B543-EB900B5FF760}.Debug|Any CPU.Build.0 = Debug|Any CPU
		{9EBDA954-0E20-4456-B543-EB900B5FF760}.Release|Any CPU.ActiveCfg = Release|Any CPU
		{9EBDA954-0E20-4456-B543-EB900B5FF760}.Release|Any CPU.Build.0 = Release|Any CPU
		{5C343C09-125D-4CF8-BD9F-E8C3BCBABB45}.Debug|Any CPU.ActiveCfg = Debug|Any CPU
		{5C343C09-125D-4CF8-BD9F-E8C3BCBABB45}.Debug|Any CPU.Build.0 = Debug|Any CPU
		{5C343C09-125D-4CF8-BD9F-E8C3BCBABB45}.Release|Any CPU.ActiveCfg = Release|Any CPU
		{5C343C09-125D-4CF8-BD9F-E8C3BCBABB45}.Release|Any CPU.Build.0 = Release|Any CPU
		{E348856E-3F81-41B7-9EF6-4FC199079D5A}.Debug|Any CPU.ActiveCfg = Debug|Any CPU
		{E348856E-3F81-41B7-9EF6-4FC199079D5A}.Debug|Any CPU.Build.0 = Debug|Any CPU
		{E348856E-3F81-41B7-9EF6-4FC199079D5A}.Release|Any CPU.ActiveCfg = Release|Any CPU
		{E348856E-3F81-41B7-9EF6-4FC199079D5A}.Release|Any CPU.Build.0 = Release|Any CPU
		{B620EBA7-33BB-4759-817D-BB45D67435D3}.Debug|Any CPU.ActiveCfg = Debug|Any CPU
		{B620EBA7-33BB-4759-817D-BB45D67435D3}.Debug|Any CPU.Build.0 = Debug|Any CPU
		{B620EBA7-33BB-4759-817D-BB45D67435D3}.Release|Any CPU.ActiveCfg = Release|Any CPU
		{B620EBA7-33BB-4759-817D-BB45D67435D3}.Release|Any CPU.Build.0 = Release|Any CPU
		{EBD37817-0019-4981-A604-5C48E72396A9}.Debug|Any CPU.ActiveCfg = Debug|Any CPU
		{EBD37817-0019-4981-A604-5C48E72396A9}.Debug|Any CPU.Build.0 = Debug|Any CPU
		{EBD37817-0019-4981-A604-5C48E72396A9}.Release|Any CPU.ActiveCfg = Release|Any CPU
		{EBD37817-0019-4981-A604-5C48E72396A9}.Release|Any CPU.Build.0 = Release|Any CPU
		{825443EB-8FFE-41E2-83EC-E63B269D0277}.Debug|Any CPU.ActiveCfg = Debug|Any CPU
		{825443EB-8FFE-41E2-83EC-E63B269D0277}.Debug|Any CPU.Build.0 = Debug|Any CPU
		{825443EB-8FFE-41E2-83EC-E63B269D0277}.Release|Any CPU.ActiveCfg = Release|Any CPU
		{825443EB-8FFE-41E2-83EC-E63B269D0277}.Release|Any CPU.Build.0 = Release|Any CPU
		{338B8B35-70AC-4660-89FC-A25E1F3D7558}.Debug|Any CPU.ActiveCfg = Debug|Any CPU
		{338B8B35-70AC-4660-89FC-A25E1F3D7558}.Debug|Any CPU.Build.0 = Debug|Any CPU
		{338B8B35-70AC-4660-89FC-A25E1F3D7558}.Release|Any CPU.ActiveCfg = Release|Any CPU
		{338B8B35-70AC-4660-89FC-A25E1F3D7558}.Release|Any CPU.Build.0 = Release|Any CPU
		{234AFC99-EAA0-4C64-9E24-24679D1E01AC}.Debug|Any CPU.ActiveCfg = Debug|Any CPU
		{234AFC99-EAA0-4C64-9E24-24679D1E01AC}.Debug|Any CPU.Build.0 = Debug|Any CPU
		{234AFC99-EAA0-4C64-9E24-24679D1E01AC}.Release|Any CPU.ActiveCfg = Release|Any CPU
		{234AFC99-EAA0-4C64-9E24-24679D1E01AC}.Release|Any CPU.Build.0 = Release|Any CPU
		{8500E293-FE00-4601-BBFC-B7A45273F102}.Debug|Any CPU.ActiveCfg = Debug|Any CPU
		{8500E293-FE00-4601-BBFC-B7A45273F102}.Debug|Any CPU.Build.0 = Debug|Any CPU
		{8500E293-FE00-4601-BBFC-B7A45273F102}.Release|Any CPU.ActiveCfg = Release|Any CPU
		{8500E293-FE00-4601-BBFC-B7A45273F102}.Release|Any CPU.Build.0 = Release|Any CPU
		{F4555E4D-1C60-43C5-B4AA-A434D0F125D3}.Debug|Any CPU.ActiveCfg = Debug|Any CPU
		{F4555E4D-1C60-43C5-B4AA-A434D0F125D3}.Debug|Any CPU.Build.0 = Debug|Any CPU
		{F4555E4D-1C60-43C5-B4AA-A434D0F125D3}.Release|Any CPU.ActiveCfg = Release|Any CPU
		{F4555E4D-1C60-43C5-B4AA-A434D0F125D3}.Release|Any CPU.Build.0 = Release|Any CPU
		{4D30A492-4B17-4E62-A9BA-09CFB50E616F}.Debug|Any CPU.ActiveCfg = Debug|Any CPU
		{4D30A492-4B17-4E62-A9BA-09CFB50E616F}.Debug|Any CPU.Build.0 = Debug|Any CPU
		{4D30A492-4B17-4E62-A9BA-09CFB50E616F}.Release|Any CPU.ActiveCfg = Release|Any CPU
		{4D30A492-4B17-4E62-A9BA-09CFB50E616F}.Release|Any CPU.Build.0 = Release|Any CPU
		{BC0C8E52-778B-4C37-B92F-738A8CA7A957}.Debug|Any CPU.ActiveCfg = Debug|Any CPU
		{BC0C8E52-778B-4C37-B92F-738A8CA7A957}.Debug|Any CPU.Build.0 = Debug|Any CPU
		{BC0C8E52-778B-4C37-B92F-738A8CA7A957}.Release|Any CPU.ActiveCfg = Release|Any CPU
		{BC0C8E52-778B-4C37-B92F-738A8CA7A957}.Release|Any CPU.Build.0 = Release|Any CPU
		{4D3614EC-584E-4D62-8429-18522197A13F}.Debug|Any CPU.ActiveCfg = Debug|Any CPU
		{4D3614EC-584E-4D62-8429-18522197A13F}.Debug|Any CPU.Build.0 = Debug|Any CPU
		{4D3614EC-584E-4D62-8429-18522197A13F}.Release|Any CPU.ActiveCfg = Release|Any CPU
		{4D3614EC-584E-4D62-8429-18522197A13F}.Release|Any CPU.Build.0 = Release|Any CPU
		{8B24E206-AC53-428B-8FA6-81E4E402C0A4}.Debug|Any CPU.ActiveCfg = Debug|Any CPU
		{8B24E206-AC53-428B-8FA6-81E4E402C0A4}.Debug|Any CPU.Build.0 = Debug|Any CPU
		{8B24E206-AC53-428B-8FA6-81E4E402C0A4}.Release|Any CPU.ActiveCfg = Release|Any CPU
		{8B24E206-AC53-428B-8FA6-81E4E402C0A4}.Release|Any CPU.Build.0 = Release|Any CPU
		{2E12F320-3B11-4EE7-B056-2CDAF6047270}.Debug|Any CPU.ActiveCfg = Debug|Any CPU
		{2E12F320-3B11-4EE7-B056-2CDAF6047270}.Debug|Any CPU.Build.0 = Debug|Any CPU
		{2E12F320-3B11-4EE7-B056-2CDAF6047270}.Release|Any CPU.ActiveCfg = Release|Any CPU
		{2E12F320-3B11-4EE7-B056-2CDAF6047270}.Release|Any CPU.Build.0 = Release|Any CPU
		{53AC7C37-9AD4-4F53-913D-770B6562761A}.Debug|Any CPU.ActiveCfg = Debug|Any CPU
		{53AC7C37-9AD4-4F53-913D-770B6562761A}.Debug|Any CPU.Build.0 = Debug|Any CPU
		{53AC7C37-9AD4-4F53-913D-770B6562761A}.Release|Any CPU.ActiveCfg = Release|Any CPU
		{53AC7C37-9AD4-4F53-913D-770B6562761A}.Release|Any CPU.Build.0 = Release|Any CPU
		{525FAA3C-902D-468B-8965-7B373E92E351}.Debug|Any CPU.ActiveCfg = Debug|Any CPU
		{525FAA3C-902D-468B-8965-7B373E92E351}.Debug|Any CPU.Build.0 = Debug|Any CPU
		{525FAA3C-902D-468B-8965-7B373E92E351}.Release|Any CPU.ActiveCfg = Release|Any CPU
		{525FAA3C-902D-468B-8965-7B373E92E351}.Release|Any CPU.Build.0 = Release|Any CPU
		{7D6AC4BD-D324-40C6-87A2-AA4E4CC3C4E5}.Debug|Any CPU.ActiveCfg = Debug|Any CPU
		{7D6AC4BD-D324-40C6-87A2-AA4E4CC3C4E5}.Debug|Any CPU.Build.0 = Debug|Any CPU
		{7D6AC4BD-D324-40C6-87A2-AA4E4CC3C4E5}.Release|Any CPU.ActiveCfg = Release|Any CPU
		{7D6AC4BD-D324-40C6-87A2-AA4E4CC3C4E5}.Release|Any CPU.Build.0 = Release|Any CPU
		{56E89610-4216-4226-8D85-9FF4BC7254E5}.Debug|Any CPU.ActiveCfg = Debug|Any CPU
		{56E89610-4216-4226-8D85-9FF4BC7254E5}.Debug|Any CPU.Build.0 = Debug|Any CPU
		{56E89610-4216-4226-8D85-9FF4BC7254E5}.Release|Any CPU.ActiveCfg = Release|Any CPU
		{56E89610-4216-4226-8D85-9FF4BC7254E5}.Release|Any CPU.Build.0 = Release|Any CPU
		{8973B3F2-6001-45D5-B122-0168273E948F}.Debug|Any CPU.ActiveCfg = Debug|Any CPU
		{8973B3F2-6001-45D5-B122-0168273E948F}.Debug|Any CPU.Build.0 = Debug|Any CPU
		{8973B3F2-6001-45D5-B122-0168273E948F}.Release|Any CPU.ActiveCfg = Release|Any CPU
		{8973B3F2-6001-45D5-B122-0168273E948F}.Release|Any CPU.Build.0 = Release|Any CPU
		{CAC5B719-3D0D-4CB5-9A07-E6E735EBE713}.Debug|Any CPU.ActiveCfg = Debug|Any CPU
		{CAC5B719-3D0D-4CB5-9A07-E6E735EBE713}.Debug|Any CPU.Build.0 = Debug|Any CPU
		{CAC5B719-3D0D-4CB5-9A07-E6E735EBE713}.Release|Any CPU.ActiveCfg = Release|Any CPU
		{CAC5B719-3D0D-4CB5-9A07-E6E735EBE713}.Release|Any CPU.Build.0 = Release|Any CPU
		{20908413-1C9C-478E-8EA3-38408B9F5B4F}.Debug|Any CPU.ActiveCfg = Debug|Any CPU
		{20908413-1C9C-478E-8EA3-38408B9F5B4F}.Debug|Any CPU.Build.0 = Debug|Any CPU
		{20908413-1C9C-478E-8EA3-38408B9F5B4F}.Release|Any CPU.ActiveCfg = Release|Any CPU
		{20908413-1C9C-478E-8EA3-38408B9F5B4F}.Release|Any CPU.Build.0 = Release|Any CPU
		{D27F18F7-6353-4F81-908E-2957F674874A}.Debug|Any CPU.ActiveCfg = Debug|Any CPU
		{D27F18F7-6353-4F81-908E-2957F674874A}.Debug|Any CPU.Build.0 = Debug|Any CPU
		{D27F18F7-6353-4F81-908E-2957F674874A}.Release|Any CPU.ActiveCfg = Release|Any CPU
		{D27F18F7-6353-4F81-908E-2957F674874A}.Release|Any CPU.Build.0 = Release|Any CPU
		{E69CE59D-A376-423F-B79A-2308EF1A9822}.Debug|Any CPU.ActiveCfg = Debug|Any CPU
		{E69CE59D-A376-423F-B79A-2308EF1A9822}.Debug|Any CPU.Build.0 = Debug|Any CPU
		{E69CE59D-A376-423F-B79A-2308EF1A9822}.Release|Any CPU.ActiveCfg = Release|Any CPU
		{E69CE59D-A376-423F-B79A-2308EF1A9822}.Release|Any CPU.Build.0 = Release|Any CPU
		{28AA5A43-2222-410A-A13F-65B288AD707E}.Debug|Any CPU.ActiveCfg = Debug|Any CPU
		{28AA5A43-2222-410A-A13F-65B288AD707E}.Debug|Any CPU.Build.0 = Debug|Any CPU
		{28AA5A43-2222-410A-A13F-65B288AD707E}.Release|Any CPU.ActiveCfg = Release|Any CPU
		{28AA5A43-2222-410A-A13F-65B288AD707E}.Release|Any CPU.Build.0 = Release|Any CPU
		{1581FD5D-EF6B-4A15-8325-0B91CE5CBB98}.Debug|Any CPU.ActiveCfg = Debug|Any CPU
		{1581FD5D-EF6B-4A15-8325-0B91CE5CBB98}.Debug|Any CPU.Build.0 = Debug|Any CPU
		{1581FD5D-EF6B-4A15-8325-0B91CE5CBB98}.Release|Any CPU.ActiveCfg = Release|Any CPU
		{1581FD5D-EF6B-4A15-8325-0B91CE5CBB98}.Release|Any CPU.Build.0 = Release|Any CPU
		{616EEC92-FF61-46A0-8214-2C8969FD0E89}.Debug|Any CPU.ActiveCfg = Debug|Any CPU
		{616EEC92-FF61-46A0-8214-2C8969FD0E89}.Debug|Any CPU.Build.0 = Debug|Any CPU
		{616EEC92-FF61-46A0-8214-2C8969FD0E89}.Release|Any CPU.ActiveCfg = Release|Any CPU
		{616EEC92-FF61-46A0-8214-2C8969FD0E89}.Release|Any CPU.Build.0 = Release|Any CPU
		{7EDC6090-EDE6-4F82-B219-442471F7168D}.Debug|Any CPU.ActiveCfg = Debug|Any CPU
		{7EDC6090-EDE6-4F82-B219-442471F7168D}.Debug|Any CPU.Build.0 = Debug|Any CPU
		{7EDC6090-EDE6-4F82-B219-442471F7168D}.Release|Any CPU.ActiveCfg = Release|Any CPU
		{7EDC6090-EDE6-4F82-B219-442471F7168D}.Release|Any CPU.Build.0 = Release|Any CPU
		{0B866F5A-1F49-4FD8-B6BC-03DE3157BECD}.Debug|Any CPU.ActiveCfg = Debug|Any CPU
		{0B866F5A-1F49-4FD8-B6BC-03DE3157BECD}.Debug|Any CPU.Build.0 = Debug|Any CPU
		{0B866F5A-1F49-4FD8-B6BC-03DE3157BECD}.Release|Any CPU.ActiveCfg = Release|Any CPU
		{0B866F5A-1F49-4FD8-B6BC-03DE3157BECD}.Release|Any CPU.Build.0 = Release|Any CPU
	EndGlobalSection
	GlobalSection(SolutionProperties) = preSolution
		HideSolutionNode = FALSE
	EndGlobalSection
	GlobalSection(ExtensibilityGlobals) = postSolution
		SolutionGuid = {4F8691F8-3528-478E-BF1C-110789A8EF02}
	EndGlobalSection
EndGlobal
