
Microsoft Visual Studio Solution File, Format Version 12.00
# Visual Studio Version 17
VisualStudioVersion = 17.2.32630.192
MinimumVisualStudioVersion = 10.0.40219.1
Project("{9A19103F-16F7-4668-BE54-9A1E7A4F7556}") = "R5T.L0055", "R5T.L0055\R5T.L0055.csproj", "{0CF27DDC-6C98-4140-AB2F-D290F097E9DA}"
EndProject
Project("{2150E333-8FDC-42A3-9474-1A3956D46DE8}") = "_Dependencies", "_Dependencies", "{A092447F-7EF6-471B-9632-986D66CD3607}"
EndProject
Project("{9A19103F-16F7-4668-BE54-9A1E7A4F7556}") = "R5T.F0000", "..\..\R5T.F0000\source\R5T.F0000\R5T.F0000.csproj", "{91F4E8E0-27F4-4095-A135-5BD0C19959DA}"
EndProject
Project("{9A19103F-16F7-4668-BE54-9A1E7A4F7556}") = "R5T.F0002", "..\..\R5T.F0002\source\R5T.F0002\R5T.F0002.csproj", "{FC57A1AC-91B7-4C03-9C7D-D6B16BCB769F}"
EndProject
Project("{9A19103F-16F7-4668-BE54-9A1E7A4F7556}") = "R5T.F0033.Platform", "..\..\R5T.F0033\source\R5T.F0033.Platform\R5T.F0033.Platform.csproj", "{C8192CE8-BB07-4EBF-A642-B1D73DF29D30}"
EndProject
Project("{9A19103F-16F7-4668-BE54-9A1E7A4F7556}") = "R5T.F0033", "..\..\R5T.F0033\source\R5T.F0033\R5T.F0033.csproj", "{BCF5B2EC-68B6-4998-8CB6-CB96A896BC18}"
EndProject
Project("{9A19103F-16F7-4668-BE54-9A1E7A4F7556}") = "R5T.F0034", "..\..\R5T.F0034\source\R5T.F0034\R5T.F0034.csproj", "{CD52E19E-614B-4CAD-8849-6694A7C02BBE}"
EndProject
Project("{9A19103F-16F7-4668-BE54-9A1E7A4F7556}") = "R5T.F0035.F001", "..\..\R5T.F0035\source\R5T.F0035.F001\R5T.F0035.F001.csproj", "{0345D33A-1C7E-4CC4-9D63-6DD856A8E146}"
EndProject
Project("{9A19103F-16F7-4668-BE54-9A1E7A4F7556}") = "R5T.F0059", "..\..\R5T.F0059\source\R5T.F0059\R5T.F0059.csproj", "{F1004420-C221-43BD-910B-2784F648DCCA}"
EndProject
Project("{9A19103F-16F7-4668-BE54-9A1E7A4F7556}") = "R5T.L0053", "..\..\R5T.L0053\source\R5T.L0053\R5T.L0053.csproj", "{160A2B64-865C-475C-9917-53DC033788C7}"
EndProject
Project("{9A19103F-16F7-4668-BE54-9A1E7A4F7556}") = "R5T.NG0002", "..\..\R5T.NG0002\source\R5T.NG0002\R5T.NG0002.csproj", "{12D884B0-84F6-411D-B337-CD43D1866ABF}"
EndProject
Project("{9A19103F-16F7-4668-BE54-9A1E7A4F7556}") = "R5T.NG0006", "..\..\R5T.NG0006\source\R5T.NG0006\R5T.NG0006.csproj", "{60AF8D0A-EAAC-498A-AE68-FD38D681E3D0}"
EndProject
Project("{9A19103F-16F7-4668-BE54-9A1E7A4F7556}") = "R5T.NG0007", "..\..\R5T.NG0007\source\R5T.NG0007\R5T.NG0007.csproj", "{B25C1BCC-3A3B-475A-8562-E33E4D99DD97}"
EndProject
Project("{9A19103F-16F7-4668-BE54-9A1E7A4F7556}") = "R5T.T0131", "..\..\R5T.T0131\source\R5T.T0131\R5T.T0131.csproj", "{3109C397-7882-4F30-85E1-D7BFAD582FF2}"
EndProject
Project("{9A19103F-16F7-4668-BE54-9A1E7A4F7556}") = "R5T.T0132", "..\..\R5T.T0132\source\R5T.T0132\R5T.T0132.csproj", "{C150D57B-B1D8-411E-8D2C-A8661E73B52F}"
EndProject
Project("{9A19103F-16F7-4668-BE54-9A1E7A4F7556}") = "R5T.T0141", "..\..\R5T.T0141\source\R5T.T0141\R5T.T0141.csproj", "{8655CD84-F553-4ABA-9A3B-A757A84F215A}"
EndProject
Project("{9A19103F-16F7-4668-BE54-9A1E7A4F7556}") = "R5T.T0142", "..\..\R5T.T0142\source\R5T.T0142\R5T.T0142.csproj", "{1C40F6DF-DFC7-4091-B594-823A290B8060}"
EndProject
Project("{9A19103F-16F7-4668-BE54-9A1E7A4F7556}") = "R5T.T0143", "..\..\R5T.T0143\source\R5T.T0143\R5T.T0143.csproj", "{E70A62AA-E236-40F0-97FF-3B6FA51B78E4}"
EndProject
Project("{9A19103F-16F7-4668-BE54-9A1E7A4F7556}") = "R5T.T0148", "..\..\R5T.T0148\source\R5T.T0148\R5T.T0148.csproj", "{43DC1D37-C39C-463E-923C-230ABF599D4A}"
EndProject
Project("{9A19103F-16F7-4668-BE54-9A1E7A4F7556}") = "R5T.T0156", "..\..\R5T.T0156\source\R5T.T0156\R5T.T0156.csproj", "{6294D0F7-3730-4597-BB54-BA1A4E029EA2}"
EndProject
Project("{9A19103F-16F7-4668-BE54-9A1E7A4F7556}") = "R5T.T0158.F000", "..\..\R5T.T0158\source\R5T.T0158.F000\R5T.T0158.F000.csproj", "{D3CE1EE4-53CF-4C8D-8A15-1F21028620AB}"
EndProject
Project("{9A19103F-16F7-4668-BE54-9A1E7A4F7556}") = "R5T.T0158.T000", "..\..\R5T.T0158\source\R5T.T0158.T000\R5T.T0158.T000.csproj", "{EB8511A9-F5CC-4F7F-B551-CCEA3C3BA98E}"
EndProject
Project("{9A19103F-16F7-4668-BE54-9A1E7A4F7556}") = "R5T.T0158", "..\..\R5T.T0158\source\R5T.T0158\R5T.T0158.csproj", "{D1F7A5FD-8685-48BA-91C7-B88F19DAF8FD}"
EndProject
Project("{9A19103F-16F7-4668-BE54-9A1E7A4F7556}") = "R5T.T0159.F000", "..\..\R5T.T0159\source\R5T.T0159.F000\R5T.T0159.F000.csproj", "{350CE0A0-5DAC-4BC2-A6EC-C05E8DA1C220}"
EndProject
Project("{9A19103F-16F7-4668-BE54-9A1E7A4F7556}") = "R5T.T0159", "..\..\R5T.T0159\source\R5T.T0159\R5T.T0159.csproj", "{ABBEDDEE-F8CE-4B2A-9C1B-BCB39E640F21}"
EndProject
Project("{9A19103F-16F7-4668-BE54-9A1E7A4F7556}") = "R5T.T0178", "..\..\R5T.T0178\source\R5T.T0178\R5T.T0178.csproj", "{A9CCFF40-30A5-43C7-8189-AF74C4FAAAC2}"
EndProject
Project("{9A19103F-16F7-4668-BE54-9A1E7A4F7556}") = "R5T.T0179", "..\..\R5T.T0179\source\R5T.T0179\R5T.T0179.csproj", "{D77E6B00-7081-4CDC-95E2-2D30606540FF}"
EndProject
Project("{9A19103F-16F7-4668-BE54-9A1E7A4F7556}") = "R5T.T0180", "..\..\R5T.T0180\source\R5T.T0180\R5T.T0180.csproj", "{5C64529F-CA21-4AC1-A978-30FE1C002DF5}"
EndProject
Project("{9A19103F-16F7-4668-BE54-9A1E7A4F7556}") = "R5T.T0181", "..\..\R5T.T0181\source\R5T.T0181\R5T.T0181.csproj", "{4E2F00F3-4A74-4302-BFF0-6AC0BDFA7B71}"
EndProject
Project("{9A19103F-16F7-4668-BE54-9A1E7A4F7556}") = "R5T.Y0000", "..\..\R5T.Y0000\source\R5T.Y0000\R5T.Y0000.csproj", "{7083954E-241E-4FB5-ABAD-6635F3BBC893}"
EndProject
Project("{9A19103F-16F7-4668-BE54-9A1E7A4F7556}") = "R5T.Z0000", "..\..\R5T.Z0000\source\R5T.Z0000\R5T.Z0000.csproj", "{60823452-E2FE-4896-9718-6C80EA6E7AA8}"
EndProject
Project("{9A19103F-16F7-4668-BE54-9A1E7A4F7556}") = "R5T.Z0010.Platform", "..\..\R5T.Z0010\source\R5T.Z0010.Platform\R5T.Z0010.Platform.csproj", "{27766380-2C1B-4AA8-B807-58FC0A3928D8}"
EndProject
Project("{9A19103F-16F7-4668-BE54-9A1E7A4F7556}") = "R5T.Z0063.Platform", "..\..\R5T.Z0063\source\R5T.Z0063.Platform\R5T.Z0063.Platform.csproj", "{94C4E0A8-D6F4-4CB5-904D-AE5DA8B0D816}"
EndProject
Project("{9A19103F-16F7-4668-BE54-9A1E7A4F7556}") = "R5T.Z0063", "..\..\R5T.Z0063\source\R5T.Z0063\R5T.Z0063.csproj", "{A42AFA7C-2D58-4E89-B3F6-68AE13F0B691}"
EndProject
Global
	GlobalSection(NestedProjects) = preSolution
		{91F4E8E0-27F4-4095-A135-5BD0C19959DA} = {A092447F-7EF6-471B-9632-986D66CD3607}
		{FC57A1AC-91B7-4C03-9C7D-D6B16BCB769F} = {A092447F-7EF6-471B-9632-986D66CD3607}
		{C8192CE8-BB07-4EBF-A642-B1D73DF29D30} = {A092447F-7EF6-471B-9632-986D66CD3607}
		{BCF5B2EC-68B6-4998-8CB6-CB96A896BC18} = {A092447F-7EF6-471B-9632-986D66CD3607}
		{CD52E19E-614B-4CAD-8849-6694A7C02BBE} = {A092447F-7EF6-471B-9632-986D66CD3607}
		{0345D33A-1C7E-4CC4-9D63-6DD856A8E146} = {A092447F-7EF6-471B-9632-986D66CD3607}
		{F1004420-C221-43BD-910B-2784F648DCCA} = {A092447F-7EF6-471B-9632-986D66CD3607}
		{160A2B64-865C-475C-9917-53DC033788C7} = {A092447F-7EF6-471B-9632-986D66CD3607}
		{12D884B0-84F6-411D-B337-CD43D1866ABF} = {A092447F-7EF6-471B-9632-986D66CD3607}
		{60AF8D0A-EAAC-498A-AE68-FD38D681E3D0} = {A092447F-7EF6-471B-9632-986D66CD3607}
		{B25C1BCC-3A3B-475A-8562-E33E4D99DD97} = {A092447F-7EF6-471B-9632-986D66CD3607}
		{3109C397-7882-4F30-85E1-D7BFAD582FF2} = {A092447F-7EF6-471B-9632-986D66CD3607}
		{C150D57B-B1D8-411E-8D2C-A8661E73B52F} = {A092447F-7EF6-471B-9632-986D66CD3607}
		{8655CD84-F553-4ABA-9A3B-A757A84F215A} = {A092447F-7EF6-471B-9632-986D66CD3607}
		{1C40F6DF-DFC7-4091-B594-823A290B8060} = {A092447F-7EF6-471B-9632-986D66CD3607}
		{E70A62AA-E236-40F0-97FF-3B6FA51B78E4} = {A092447F-7EF6-471B-9632-986D66CD3607}
		{43DC1D37-C39C-463E-923C-230ABF599D4A} = {A092447F-7EF6-471B-9632-986D66CD3607}
		{6294D0F7-3730-4597-BB54-BA1A4E029EA2} = {A092447F-7EF6-471B-9632-986D66CD3607}
		{D3CE1EE4-53CF-4C8D-8A15-1F21028620AB} = {A092447F-7EF6-471B-9632-986D66CD3607}
		{EB8511A9-F5CC-4F7F-B551-CCEA3C3BA98E} = {A092447F-7EF6-471B-9632-986D66CD3607}
		{D1F7A5FD-8685-48BA-91C7-B88F19DAF8FD} = {A092447F-7EF6-471B-9632-986D66CD3607}
		{350CE0A0-5DAC-4BC2-A6EC-C05E8DA1C220} = {A092447F-7EF6-471B-9632-986D66CD3607}
		{ABBEDDEE-F8CE-4B2A-9C1B-BCB39E640F21} = {A092447F-7EF6-471B-9632-986D66CD3607}
		{A9CCFF40-30A5-43C7-8189-AF74C4FAAAC2} = {A092447F-7EF6-471B-9632-986D66CD3607}
		{D77E6B00-7081-4CDC-95E2-2D30606540FF} = {A092447F-7EF6-471B-9632-986D66CD3607}
		{5C64529F-CA21-4AC1-A978-30FE1C002DF5} = {A092447F-7EF6-471B-9632-986D66CD3607}
		{4E2F00F3-4A74-4302-BFF0-6AC0BDFA7B71} = {A092447F-7EF6-471B-9632-986D66CD3607}
		{7083954E-241E-4FB5-ABAD-6635F3BBC893} = {A092447F-7EF6-471B-9632-986D66CD3607}
		{60823452-E2FE-4896-9718-6C80EA6E7AA8} = {A092447F-7EF6-471B-9632-986D66CD3607}
		{27766380-2C1B-4AA8-B807-58FC0A3928D8} = {A092447F-7EF6-471B-9632-986D66CD3607}
		{94C4E0A8-D6F4-4CB5-904D-AE5DA8B0D816} = {A092447F-7EF6-471B-9632-986D66CD3607}
		{A42AFA7C-2D58-4E89-B3F6-68AE13F0B691} = {A092447F-7EF6-471B-9632-986D66CD3607}
	EndGlobalSection
	GlobalSection(SolutionConfigurationPlatforms) = preSolution
		Debug|Any CPU = Debug|Any CPU
		Release|Any CPU = Release|Any CPU
	EndGlobalSection
	GlobalSection(ProjectConfigurationPlatforms) = postSolution
		{0CF27DDC-6C98-4140-AB2F-D290F097E9DA}.Debug|Any CPU.ActiveCfg = Debug|Any CPU
		{0CF27DDC-6C98-4140-AB2F-D290F097E9DA}.Debug|Any CPU.Build.0 = Debug|Any CPU
		{0CF27DDC-6C98-4140-AB2F-D290F097E9DA}.Release|Any CPU.ActiveCfg = Release|Any CPU
		{0CF27DDC-6C98-4140-AB2F-D290F097E9DA}.Release|Any CPU.Build.0 = Release|Any CPU
		{91F4E8E0-27F4-4095-A135-5BD0C19959DA}.Debug|Any CPU.ActiveCfg = Debug|Any CPU
		{91F4E8E0-27F4-4095-A135-5BD0C19959DA}.Debug|Any CPU.Build.0 = Debug|Any CPU
		{91F4E8E0-27F4-4095-A135-5BD0C19959DA}.Release|Any CPU.ActiveCfg = Release|Any CPU
		{91F4E8E0-27F4-4095-A135-5BD0C19959DA}.Release|Any CPU.Build.0 = Release|Any CPU
		{FC57A1AC-91B7-4C03-9C7D-D6B16BCB769F}.Debug|Any CPU.ActiveCfg = Debug|Any CPU
		{FC57A1AC-91B7-4C03-9C7D-D6B16BCB769F}.Debug|Any CPU.Build.0 = Debug|Any CPU
		{FC57A1AC-91B7-4C03-9C7D-D6B16BCB769F}.Release|Any CPU.ActiveCfg = Release|Any CPU
		{FC57A1AC-91B7-4C03-9C7D-D6B16BCB769F}.Release|Any CPU.Build.0 = Release|Any CPU
		{C8192CE8-BB07-4EBF-A642-B1D73DF29D30}.Debug|Any CPU.ActiveCfg = Debug|Any CPU
		{C8192CE8-BB07-4EBF-A642-B1D73DF29D30}.Debug|Any CPU.Build.0 = Debug|Any CPU
		{C8192CE8-BB07-4EBF-A642-B1D73DF29D30}.Release|Any CPU.ActiveCfg = Release|Any CPU
		{C8192CE8-BB07-4EBF-A642-B1D73DF29D30}.Release|Any CPU.Build.0 = Release|Any CPU
		{BCF5B2EC-68B6-4998-8CB6-CB96A896BC18}.Debug|Any CPU.ActiveCfg = Debug|Any CPU
		{BCF5B2EC-68B6-4998-8CB6-CB96A896BC18}.Debug|Any CPU.Build.0 = Debug|Any CPU
		{BCF5B2EC-68B6-4998-8CB6-CB96A896BC18}.Release|Any CPU.ActiveCfg = Release|Any CPU
		{BCF5B2EC-68B6-4998-8CB6-CB96A896BC18}.Release|Any CPU.Build.0 = Release|Any CPU
		{CD52E19E-614B-4CAD-8849-6694A7C02BBE}.Debug|Any CPU.ActiveCfg = Debug|Any CPU
		{CD52E19E-614B-4CAD-8849-6694A7C02BBE}.Debug|Any CPU.Build.0 = Debug|Any CPU
		{CD52E19E-614B-4CAD-8849-6694A7C02BBE}.Release|Any CPU.ActiveCfg = Release|Any CPU
		{CD52E19E-614B-4CAD-8849-6694A7C02BBE}.Release|Any CPU.Build.0 = Release|Any CPU
		{0345D33A-1C7E-4CC4-9D63-6DD856A8E146}.Debug|Any CPU.ActiveCfg = Debug|Any CPU
		{0345D33A-1C7E-4CC4-9D63-6DD856A8E146}.Debug|Any CPU.Build.0 = Debug|Any CPU
		{0345D33A-1C7E-4CC4-9D63-6DD856A8E146}.Release|Any CPU.ActiveCfg = Release|Any CPU
		{0345D33A-1C7E-4CC4-9D63-6DD856A8E146}.Release|Any CPU.Build.0 = Release|Any CPU
		{F1004420-C221-43BD-910B-2784F648DCCA}.Debug|Any CPU.ActiveCfg = Debug|Any CPU
		{F1004420-C221-43BD-910B-2784F648DCCA}.Debug|Any CPU.Build.0 = Debug|Any CPU
		{F1004420-C221-43BD-910B-2784F648DCCA}.Release|Any CPU.ActiveCfg = Release|Any CPU
		{F1004420-C221-43BD-910B-2784F648DCCA}.Release|Any CPU.Build.0 = Release|Any CPU
		{160A2B64-865C-475C-9917-53DC033788C7}.Debug|Any CPU.ActiveCfg = Debug|Any CPU
		{160A2B64-865C-475C-9917-53DC033788C7}.Debug|Any CPU.Build.0 = Debug|Any CPU
		{160A2B64-865C-475C-9917-53DC033788C7}.Release|Any CPU.ActiveCfg = Release|Any CPU
		{160A2B64-865C-475C-9917-53DC033788C7}.Release|Any CPU.Build.0 = Release|Any CPU
		{12D884B0-84F6-411D-B337-CD43D1866ABF}.Debug|Any CPU.ActiveCfg = Debug|Any CPU
		{12D884B0-84F6-411D-B337-CD43D1866ABF}.Debug|Any CPU.Build.0 = Debug|Any CPU
		{12D884B0-84F6-411D-B337-CD43D1866ABF}.Release|Any CPU.ActiveCfg = Release|Any CPU
		{12D884B0-84F6-411D-B337-CD43D1866ABF}.Release|Any CPU.Build.0 = Release|Any CPU
		{60AF8D0A-EAAC-498A-AE68-FD38D681E3D0}.Debug|Any CPU.ActiveCfg = Debug|Any CPU
		{60AF8D0A-EAAC-498A-AE68-FD38D681E3D0}.Debug|Any CPU.Build.0 = Debug|Any CPU
		{60AF8D0A-EAAC-498A-AE68-FD38D681E3D0}.Release|Any CPU.ActiveCfg = Release|Any CPU
		{60AF8D0A-EAAC-498A-AE68-FD38D681E3D0}.Release|Any CPU.Build.0 = Release|Any CPU
		{B25C1BCC-3A3B-475A-8562-E33E4D99DD97}.Debug|Any CPU.ActiveCfg = Debug|Any CPU
		{B25C1BCC-3A3B-475A-8562-E33E4D99DD97}.Debug|Any CPU.Build.0 = Debug|Any CPU
		{B25C1BCC-3A3B-475A-8562-E33E4D99DD97}.Release|Any CPU.ActiveCfg = Release|Any CPU
		{B25C1BCC-3A3B-475A-8562-E33E4D99DD97}.Release|Any CPU.Build.0 = Release|Any CPU
		{3109C397-7882-4F30-85E1-D7BFAD582FF2}.Debug|Any CPU.ActiveCfg = Debug|Any CPU
		{3109C397-7882-4F30-85E1-D7BFAD582FF2}.Debug|Any CPU.Build.0 = Debug|Any CPU
		{3109C397-7882-4F30-85E1-D7BFAD582FF2}.Release|Any CPU.ActiveCfg = Release|Any CPU
		{3109C397-7882-4F30-85E1-D7BFAD582FF2}.Release|Any CPU.Build.0 = Release|Any CPU
		{C150D57B-B1D8-411E-8D2C-A8661E73B52F}.Debug|Any CPU.ActiveCfg = Debug|Any CPU
		{C150D57B-B1D8-411E-8D2C-A8661E73B52F}.Debug|Any CPU.Build.0 = Debug|Any CPU
		{C150D57B-B1D8-411E-8D2C-A8661E73B52F}.Release|Any CPU.ActiveCfg = Release|Any CPU
		{C150D57B-B1D8-411E-8D2C-A8661E73B52F}.Release|Any CPU.Build.0 = Release|Any CPU
		{8655CD84-F553-4ABA-9A3B-A757A84F215A}.Debug|Any CPU.ActiveCfg = Debug|Any CPU
		{8655CD84-F553-4ABA-9A3B-A757A84F215A}.Debug|Any CPU.Build.0 = Debug|Any CPU
		{8655CD84-F553-4ABA-9A3B-A757A84F215A}.Release|Any CPU.ActiveCfg = Release|Any CPU
		{8655CD84-F553-4ABA-9A3B-A757A84F215A}.Release|Any CPU.Build.0 = Release|Any CPU
		{1C40F6DF-DFC7-4091-B594-823A290B8060}.Debug|Any CPU.ActiveCfg = Debug|Any CPU
		{1C40F6DF-DFC7-4091-B594-823A290B8060}.Debug|Any CPU.Build.0 = Debug|Any CPU
		{1C40F6DF-DFC7-4091-B594-823A290B8060}.Release|Any CPU.ActiveCfg = Release|Any CPU
		{1C40F6DF-DFC7-4091-B594-823A290B8060}.Release|Any CPU.Build.0 = Release|Any CPU
		{E70A62AA-E236-40F0-97FF-3B6FA51B78E4}.Debug|Any CPU.ActiveCfg = Debug|Any CPU
		{E70A62AA-E236-40F0-97FF-3B6FA51B78E4}.Debug|Any CPU.Build.0 = Debug|Any CPU
		{E70A62AA-E236-40F0-97FF-3B6FA51B78E4}.Release|Any CPU.ActiveCfg = Release|Any CPU
		{E70A62AA-E236-40F0-97FF-3B6FA51B78E4}.Release|Any CPU.Build.0 = Release|Any CPU
		{43DC1D37-C39C-463E-923C-230ABF599D4A}.Debug|Any CPU.ActiveCfg = Debug|Any CPU
		{43DC1D37-C39C-463E-923C-230ABF599D4A}.Debug|Any CPU.Build.0 = Debug|Any CPU
		{43DC1D37-C39C-463E-923C-230ABF599D4A}.Release|Any CPU.ActiveCfg = Release|Any CPU
		{43DC1D37-C39C-463E-923C-230ABF599D4A}.Release|Any CPU.Build.0 = Release|Any CPU
		{6294D0F7-3730-4597-BB54-BA1A4E029EA2}.Debug|Any CPU.ActiveCfg = Debug|Any CPU
		{6294D0F7-3730-4597-BB54-BA1A4E029EA2}.Debug|Any CPU.Build.0 = Debug|Any CPU
		{6294D0F7-3730-4597-BB54-BA1A4E029EA2}.Release|Any CPU.ActiveCfg = Release|Any CPU
		{6294D0F7-3730-4597-BB54-BA1A4E029EA2}.Release|Any CPU.Build.0 = Release|Any CPU
		{D3CE1EE4-53CF-4C8D-8A15-1F21028620AB}.Debug|Any CPU.ActiveCfg = Debug|Any CPU
		{D3CE1EE4-53CF-4C8D-8A15-1F21028620AB}.Debug|Any CPU.Build.0 = Debug|Any CPU
		{D3CE1EE4-53CF-4C8D-8A15-1F21028620AB}.Release|Any CPU.ActiveCfg = Release|Any CPU
		{D3CE1EE4-53CF-4C8D-8A15-1F21028620AB}.Release|Any CPU.Build.0 = Release|Any CPU
		{EB8511A9-F5CC-4F7F-B551-CCEA3C3BA98E}.Debug|Any CPU.ActiveCfg = Debug|Any CPU
		{EB8511A9-F5CC-4F7F-B551-CCEA3C3BA98E}.Debug|Any CPU.Build.0 = Debug|Any CPU
		{EB8511A9-F5CC-4F7F-B551-CCEA3C3BA98E}.Release|Any CPU.ActiveCfg = Release|Any CPU
		{EB8511A9-F5CC-4F7F-B551-CCEA3C3BA98E}.Release|Any CPU.Build.0 = Release|Any CPU
		{D1F7A5FD-8685-48BA-91C7-B88F19DAF8FD}.Debug|Any CPU.ActiveCfg = Debug|Any CPU
		{D1F7A5FD-8685-48BA-91C7-B88F19DAF8FD}.Debug|Any CPU.Build.0 = Debug|Any CPU
		{D1F7A5FD-8685-48BA-91C7-B88F19DAF8FD}.Release|Any CPU.ActiveCfg = Release|Any CPU
		{D1F7A5FD-8685-48BA-91C7-B88F19DAF8FD}.Release|Any CPU.Build.0 = Release|Any CPU
		{350CE0A0-5DAC-4BC2-A6EC-C05E8DA1C220}.Debug|Any CPU.ActiveCfg = Debug|Any CPU
		{350CE0A0-5DAC-4BC2-A6EC-C05E8DA1C220}.Debug|Any CPU.Build.0 = Debug|Any CPU
		{350CE0A0-5DAC-4BC2-A6EC-C05E8DA1C220}.Release|Any CPU.ActiveCfg = Release|Any CPU
		{350CE0A0-5DAC-4BC2-A6EC-C05E8DA1C220}.Release|Any CPU.Build.0 = Release|Any CPU
		{ABBEDDEE-F8CE-4B2A-9C1B-BCB39E640F21}.Debug|Any CPU.ActiveCfg = Debug|Any CPU
		{ABBEDDEE-F8CE-4B2A-9C1B-BCB39E640F21}.Debug|Any CPU.Build.0 = Debug|Any CPU
		{ABBEDDEE-F8CE-4B2A-9C1B-BCB39E640F21}.Release|Any CPU.ActiveCfg = Release|Any CPU
		{ABBEDDEE-F8CE-4B2A-9C1B-BCB39E640F21}.Release|Any CPU.Build.0 = Release|Any CPU
		{A9CCFF40-30A5-43C7-8189-AF74C4FAAAC2}.Debug|Any CPU.ActiveCfg = Debug|Any CPU
		{A9CCFF40-30A5-43C7-8189-AF74C4FAAAC2}.Debug|Any CPU.Build.0 = Debug|Any CPU
		{A9CCFF40-30A5-43C7-8189-AF74C4FAAAC2}.Release|Any CPU.ActiveCfg = Release|Any CPU
		{A9CCFF40-30A5-43C7-8189-AF74C4FAAAC2}.Release|Any CPU.Build.0 = Release|Any CPU
		{D77E6B00-7081-4CDC-95E2-2D30606540FF}.Debug|Any CPU.ActiveCfg = Debug|Any CPU
		{D77E6B00-7081-4CDC-95E2-2D30606540FF}.Debug|Any CPU.Build.0 = Debug|Any CPU
		{D77E6B00-7081-4CDC-95E2-2D30606540FF}.Release|Any CPU.ActiveCfg = Release|Any CPU
		{D77E6B00-7081-4CDC-95E2-2D30606540FF}.Release|Any CPU.Build.0 = Release|Any CPU
		{5C64529F-CA21-4AC1-A978-30FE1C002DF5}.Debug|Any CPU.ActiveCfg = Debug|Any CPU
		{5C64529F-CA21-4AC1-A978-30FE1C002DF5}.Debug|Any CPU.Build.0 = Debug|Any CPU
		{5C64529F-CA21-4AC1-A978-30FE1C002DF5}.Release|Any CPU.ActiveCfg = Release|Any CPU
		{5C64529F-CA21-4AC1-A978-30FE1C002DF5}.Release|Any CPU.Build.0 = Release|Any CPU
		{4E2F00F3-4A74-4302-BFF0-6AC0BDFA7B71}.Debug|Any CPU.ActiveCfg = Debug|Any CPU
		{4E2F00F3-4A74-4302-BFF0-6AC0BDFA7B71}.Debug|Any CPU.Build.0 = Debug|Any CPU
		{4E2F00F3-4A74-4302-BFF0-6AC0BDFA7B71}.Release|Any CPU.ActiveCfg = Release|Any CPU
		{4E2F00F3-4A74-4302-BFF0-6AC0BDFA7B71}.Release|Any CPU.Build.0 = Release|Any CPU
		{7083954E-241E-4FB5-ABAD-6635F3BBC893}.Debug|Any CPU.ActiveCfg = Debug|Any CPU
		{7083954E-241E-4FB5-ABAD-6635F3BBC893}.Debug|Any CPU.Build.0 = Debug|Any CPU
		{7083954E-241E-4FB5-ABAD-6635F3BBC893}.Release|Any CPU.ActiveCfg = Release|Any CPU
		{7083954E-241E-4FB5-ABAD-6635F3BBC893}.Release|Any CPU.Build.0 = Release|Any CPU
		{60823452-E2FE-4896-9718-6C80EA6E7AA8}.Debug|Any CPU.ActiveCfg = Debug|Any CPU
		{60823452-E2FE-4896-9718-6C80EA6E7AA8}.Debug|Any CPU.Build.0 = Debug|Any CPU
		{60823452-E2FE-4896-9718-6C80EA6E7AA8}.Release|Any CPU.ActiveCfg = Release|Any CPU
		{60823452-E2FE-4896-9718-6C80EA6E7AA8}.Release|Any CPU.Build.0 = Release|Any CPU
		{27766380-2C1B-4AA8-B807-58FC0A3928D8}.Debug|Any CPU.ActiveCfg = Debug|Any CPU
		{27766380-2C1B-4AA8-B807-58FC0A3928D8}.Debug|Any CPU.Build.0 = Debug|Any CPU
		{27766380-2C1B-4AA8-B807-58FC0A3928D8}.Release|Any CPU.ActiveCfg = Release|Any CPU
		{27766380-2C1B-4AA8-B807-58FC0A3928D8}.Release|Any CPU.Build.0 = Release|Any CPU
		{94C4E0A8-D6F4-4CB5-904D-AE5DA8B0D816}.Debug|Any CPU.ActiveCfg = Debug|Any CPU
		{94C4E0A8-D6F4-4CB5-904D-AE5DA8B0D816}.Debug|Any CPU.Build.0 = Debug|Any CPU
		{94C4E0A8-D6F4-4CB5-904D-AE5DA8B0D816}.Release|Any CPU.ActiveCfg = Release|Any CPU
		{94C4E0A8-D6F4-4CB5-904D-AE5DA8B0D816}.Release|Any CPU.Build.0 = Release|Any CPU
		{A42AFA7C-2D58-4E89-B3F6-68AE13F0B691}.Debug|Any CPU.ActiveCfg = Debug|Any CPU
		{A42AFA7C-2D58-4E89-B3F6-68AE13F0B691}.Debug|Any CPU.Build.0 = Debug|Any CPU
		{A42AFA7C-2D58-4E89-B3F6-68AE13F0B691}.Release|Any CPU.ActiveCfg = Release|Any CPU
		{A42AFA7C-2D58-4E89-B3F6-68AE13F0B691}.Release|Any CPU.Build.0 = Release|Any CPU
	EndGlobalSection
	GlobalSection(SolutionProperties) = preSolution
		HideSolutionNode = FALSE
	EndGlobalSection
	GlobalSection(ExtensibilityGlobals) = postSolution
		SolutionGuid = {F5453344-34D8-411A-8367-BDC8F7DC484C}
	EndGlobalSection
EndGlobal
