
Microsoft Visual Studio Solution File, Format Version 12.00
# Visual Studio Version 17
VisualStudioVersion = 17.2.32630.192
MinimumVisualStudioVersion = 10.0.40219.1
Project("{9A19103F-16F7-4668-BE54-9A1E7A4F7556}") = "R5T.L0055", "R5T.L0055\R5T.L0055.csproj", "{0CF27DDC-6C98-4140-AB2F-D290F097E9DA}"
EndProject
Project("{2150E333-8FDC-42A3-9474-1A3956D46DE8}") = "_Dependencies", "_Dependencies", "{A092447F-7EF6-471B-9632-986D66CD3607}"
EndProject
Project("{9A19103F-16F7-4668-BE54-9A1E7A4F7556}") = "R5T.F0000", "..\..\R5T.F0000\source\R5T.F0000\R5T.F0000.csproj", "{91F4E8E0-27F4-4095-A135-5BD0C19959DA}"
EndProject
Project("{9A19103F-16F7-4668-BE54-9A1E7A4F7556}") = "R5T.F0002", "..\..\R5T.F0002\source\R5T.F0002\R5T.F0002.csproj", "{FC57A1AC-91B7-4C03-9C7D-D6B16BCB769F}"
EndProject
Project("{9A19103F-16F7-4668-BE54-9A1E7A4F7556}") = "R5T.F0033.Platform", "..\..\R5T.F0033\source\R5T.F0033.Platform\R5T.F0033.Platform.csproj", "{C8192CE8-BB07-4EBF-A642-B1D73DF29D30}"
EndProject
Project("{9A19103F-16F7-4668-BE54-9A1E7A4F7556}") = "R5T.F0033", "..\..\R5T.F0033\source\R5T.F0033\R5T.F0033.csproj", "{BCF5B2EC-68B6-4998-8CB6-CB96A896BC18}"
EndProject
Project("{9A19103F-16F7-4668-BE54-9A1E7A4F7556}") = "R5T.F0034", "..\..\R5T.F0034\source\R5T.F0034\R5T.F0034.csproj", "{CD52E19E-614B-4CAD-8849-6694A7C02BBE}"
EndProject
Project("{9A19103F-16F7-4668-BE54-9A1E7A4F7556}") = "R5T.F0035.F001", "..\..\R5T.F0035\source\R5T.F0035.F001\R5T.F0035.F001.csproj", "{0345D33A-1C7E-4CC4-9D63-6DD856A8E146}"
EndProject
Project("{9A19103F-16F7-4668-BE54-9A1E7A4F7556}") = "R5T.F0059", "..\..\R5T.F0059\source\R5T.F0059\R5T.F0059.csproj", "{F1004420-C221-43BD-910B-2784F648DCCA}"
EndProject
Project("{9A19103F-16F7-4668-BE54-9A1E7A4F7556}") = "R5T.L0053", "..\..\R5T.L0053\source\R5T.L0053\R5T.L0053.csproj", "{160A2B64-865C-475C-9917-53DC033788C7}"
EndProject
Project("{9A19103F-16F7-4668-BE54-9A1E7A4F7556}") = "R5T.NG0002", "..\..\R5T.NG0002\source\R5T.NG0002\R5T.NG0002.csproj", "{12D884B0-84F6-411D-B337-CD43D1866ABF}"
EndProject
Project("{9A19103F-16F7-4668-BE54-9A1E7A4F7556}") = "R5T.NG0006", "..\..\R5T.NG0006\source\R5T.NG0006\R5T.NG0006.csproj", "{60AF8D0A-EAAC-498A-AE68-FD38D681E3D0}"
EndProject
Project("{9A19103F-16F7-4668-BE54-9A1E7A4F7556}") = "R5T.NG0007", "..\..\R5T.NG0007\source\R5T.NG0007\R5T.NG0007.csproj", "{B25C1BCC-3A3B-475A-8562-E33E4D99DD97}"
EndProject
Project("{9A19103F-16F7-4668-BE54-9A1E7A4F7556}") = "R5T.T0131", "..\..\R5T.T0131\source\R5T.T0131\R5T.T0131.csproj", "{3109C397-7882-4F30-85E1-D7BFAD582FF2}"
EndProject
Project("{9A19103F-16F7-4668-BE54-9A1E7A4F7556}") = "R5T.T0132", "..\..\R5T.T0132\source\R5T.T0132\R5T.T0132.csproj", "{C150D57B-B1D8-411E-8D2C-A8661E73B52F}"
EndProject
Project("{9A19103F-16F7-4668-BE54-9A1E7A4F7556}") = "R5T.T0141", "..\..\R5T.T0141\source\R5T.T0141\R5T.T0141.csproj", "{8655CD84-F553-4ABA-9A3B-A757A84F215A}"
EndProject
Project("{9A19103F-16F7-4668-BE54-9A1E7A4F7556}") = "R5T.T0142", "..\..\R5T.T0142\source\R5T.T0142\R5T.T0142.csproj", "{1C40F6DF-DFC7-4091-B594-823A290B8060}"
EndProject
Project("{9A19103F-16F7-4668-BE54-9A1E7A4F7556}") = "R5T.T0143", "..\..\R5T.T0143\source\R5T.T0143\R5T.T0143.csproj", "{E70A62AA-E236-40F0-97FF-3B6FA51B78E4}"
EndProject
Project("{9A19103F-16F7-4668-BE54-9A1E7A4F7556}") = "R5T.T0148", "..\..\R5T.T0148\source\R5T.T0148\R5T.T0148.csproj", "{43DC1D37-C39C-463E-923C-230ABF599D4A}"
EndProject
Project("{9A19103F-16F7-4668-BE54-9A1E7A4F7556}") = "R5T.T0156", "..\..\R5T.T0156\source\R5T.T0156\R5T.T0156.csproj", "{6294D0F7-3730-4597-BB54-BA1A4E029EA2}"
EndProject
Project("{9A19103F-16F7-4668-BE54-9A1E7A4F7556}") = "R5T.T0158.F000", "..\..\R5T.T0158\source\R5T.T0158.F000\R5T.T0158.F000.csproj", "{D3CE1EE4-53CF-4C8D-8A15-1F21028620AB}"
EndProject
Project("{9A19103F-16F7-4668-BE54-9A1E7A4F7556}") = "R5T.T0158.T000", "..\..\R5T.T0158\source\R5T.T0158.T000\R5T.T0158.T000.csproj", "{EB8511A9-F5CC-4F7F-B551-CCEA3C3BA98E}"
EndProject
Project("{9A19103F-16F7-4668-BE54-9A1E7A4F7556}") = "R5T.T0158", "..\..\R5T.T0158\source\R5T.T0158\R5T.T0158.csproj", "{D1F7A5FD-8685-48BA-91C7-B88F19DAF8FD}"
EndProject
Project("{9A19103F-16F7-4668-BE54-9A1E7A4F7556}") = "R5T.T0159.F000", "..\..\R5T.T0159\source\R5T.T0159.F000\R5T.T0159.F000.csproj", "{350CE0A0-5DAC-4BC2-A6EC-C05E8DA1C220}"
EndProject
Project("{9A19103F-16F7-4668-BE54-9A1E7A4F7556}") = "R5T.T0159", "..\..\R5T.T0159\source\R5T.T0159\R5T.T0159.csproj", "{ABBEDDEE-F8CE-4B2A-9C1B-BCB39E640F21}"
EndProject
Project("{9A19103F-16F7-4668-BE54-9A1E7A4F7556}") = "R5T.T0178", "..\..\R5T.T0178\source\R5T.T0178\R5T.T0178.csproj", "{A9CCFF40-30A5-43C7-8189-AF74C4FAAAC2}"
EndProject
Project("{9A19103F-16F7-4668-BE54-9A1E7A4F7556}") = "R5T.T0179", "..\..\R5T.T0179\source\R5T.T0179\R5T.T0179.csproj", "{D77E6B00-7081-4CDC-95E2-2D30606540FF}"
EndProject
Project("{9A19103F-16F7-4668-BE54-9A1E7A4F7556}") = "R5T.T0180", "..\..\R5T.T0180\source\R5T.T0180\R5T.T0180.csproj", "{5C64529F-CA21-4AC1-A978-30FE1C002DF5}"
EndProject
Project("{9A19103F-16F7-4668-BE54-9A1E7A4F7556}") = "R5T.T0181", "..\..\R5T.T0181\source\R5T.T0181\R5T.T0181.csproj", "{4E2F00F3-4A74-4302-BFF0-6AC0BDFA7B71}"
EndProject
Project("{9A19103F-16F7-4668-BE54-9A1E7A4F7556}") = "R5T.Y0000", "..\..\R5T.Y0000\source\R5T.Y0000\R5T.Y0000.csproj", "{7083954E-241E-4FB5-ABAD-6635F3BBC893}"
EndProject
Project("{9A19103F-16F7-4668-BE54-9A1E7A4F7556}") = "R5T.Z0000", "..\..\R5T.Z0000\source\R5T.Z0000\R5T.Z0000.csproj", "{60823452-E2FE-4896-9718-6C80EA6E7AA8}"
EndProject
Project("{9A19103F-16F7-4668-BE54-9A1E7A4F7556}") = "R5T.Z0010.Platform", "..\..\R5T.Z0010\source\R5T.Z0010.Platform\R5T.Z0010.Platform.csproj", "{27766380-2C1B-4AA8-B807-58FC0A3928D8}"
EndProject
Project("{9A19103F-16F7-4668-BE54-9A1E7A4F7556}") = "R5T.Z0063.Platform", "..\..\R5T.Z0063\source\R5T.Z0063.Platform\R5T.Z0063.Platform.csproj", "{94C4E0A8-D6F4-4CB5-904D-AE5DA8B0D816}"
EndProject
Project("{9A19103F-16F7-4668-BE54-9A1E7A4F7556}") = "R5T.Z0063", "..\..\R5T.Z0063\source\R5T.Z0063\R5T.Z0063.csproj", "{A42AFA7C-2D58-4E89-B3F6-68AE13F0B691}"
EndProject
Project("{9A19103F-16F7-4668-BE54-9A1E7A4F7556}") = "R5T.F0120", "..\..\R5T.F0120\source\R5T.F0120\R5T.F0120.csproj", "{CBA3D6E6-4B4B-4D97-897D-AD72FB670963}"
EndProject
Project("{9A19103F-16F7-4668-BE54-9A1E7A4F7556}") = "R5T.F0124", "..\..\R5T.F0124\source\R5T.F0124\R5T.F0124.csproj", "{5F018C82-4211-4EA3-AF7B-22E2241F8FAE}"
EndProject
Project("{9A19103F-16F7-4668-BE54-9A1E7A4F7556}") = "R5T.L0030.T000", "..\..\R5T.L0030\source\R5T.L0030.T000\R5T.L0030.T000.csproj", "{49DD9BC3-737F-4F43-8C86-3B5AFA63CFAD}"
EndProject
Project("{9A19103F-16F7-4668-BE54-9A1E7A4F7556}") = "R5T.L0030", "..\..\R5T.L0030\source\R5T.L0030\R5T.L0030.csproj", "{84ECB09F-CA90-4B27-9E1C-3C38CA987982}"
EndProject
Project("{9A19103F-16F7-4668-BE54-9A1E7A4F7556}") = "R5T.L0032.T000", "..\..\R5T.L0032\source\R5T.L0032.T000\R5T.L0032.T000.csproj", "{FD8A917B-7BF2-4ACA-9352-4953ACA24278}"
EndProject
Project("{9A19103F-16F7-4668-BE54-9A1E7A4F7556}") = "R5T.L0034", "..\..\R5T.L0034\source\R5T.L0034\R5T.L0034.csproj", "{8136AC5C-E696-4306-8045-77D76ECB1473}"
EndProject
Project("{9A19103F-16F7-4668-BE54-9A1E7A4F7556}") = "R5T.L0056", "..\..\R5T.L0056\source\R5T.L0056\R5T.L0056.csproj", "{783F38FD-7F87-4626-B932-DA0C68A90CAD}"
EndProject
Project("{9A19103F-16F7-4668-BE54-9A1E7A4F7556}") = "R5T.L0057", "..\..\R5T.L0057\source\R5T.L0057\R5T.L0057.csproj", "{51A2B0D1-90C5-44FB-8C35-FCA8B3061D05}"
EndProject
Project("{9A19103F-16F7-4668-BE54-9A1E7A4F7556}") = "R5T.NG0022", "..\..\R5T.NG0022\source\R5T.NG0022\R5T.NG0022.csproj", "{3120D21B-910E-46EF-A072-DB6DE63AC226}"
EndProject
Project("{9A19103F-16F7-4668-BE54-9A1E7A4F7556}") = "R5T.T0150", "..\..\R5T.T0150\source\R5T.T0150\R5T.T0150.csproj", "{9C98D807-BF3E-45C4-85BC-A3AB97E3DADE}"
EndProject
Project("{9A19103F-16F7-4668-BE54-9A1E7A4F7556}") = "R5T.T0151", "..\..\R5T.T0151\source\R5T.T0151\R5T.T0151.csproj", "{2A91DD8C-184D-4E0E-AC02-F23F7EBB704C}"
EndProject
Project("{9A19103F-16F7-4668-BE54-9A1E7A4F7556}") = "R5T.T0161", "..\..\R5T.T0161\source\R5T.T0161\R5T.T0161.csproj", "{A28DEB34-F400-4757-88E4-393A7D42D352}"
EndProject
Project("{9A19103F-16F7-4668-BE54-9A1E7A4F7556}") = "R5T.T0172", "..\..\R5T.T0172\source\R5T.T0172\R5T.T0172.csproj", "{9E4FFCEF-1BCD-4D79-843C-59A27DCC481D}"
EndProject
Project("{9A19103F-16F7-4668-BE54-9A1E7A4F7556}") = "R5T.T0174", "..\..\R5T.T0174\source\R5T.T0174\R5T.T0174.csproj", "{0A567833-1A57-427D-857B-A6439B8BED34}"
EndProject
Project("{9A19103F-16F7-4668-BE54-9A1E7A4F7556}") = "R5T.T0176", "..\..\R5T.T0176\source\R5T.T0176\R5T.T0176.csproj", "{4A2C2F99-057F-41A9-A541-0F9A4D5349B1}"
EndProject
Project("{9A19103F-16F7-4668-BE54-9A1E7A4F7556}") = "R5T.T0177", "..\..\R5T.T0177\source\R5T.T0177\R5T.T0177.csproj", "{9E51BE5F-626A-4212-AE87-9667253146D2}"
EndProject
Project("{9A19103F-16F7-4668-BE54-9A1E7A4F7556}") = "R5T.T0184", "..\..\R5T.T0184\source\R5T.T0184\R5T.T0184.csproj", "{CDA279AE-37F0-41EF-BDB3-3E027F43A63E}"
EndProject
Project("{9A19103F-16F7-4668-BE54-9A1E7A4F7556}") = "R5T.T0185", "..\..\R5T.T0185\source\R5T.T0185\R5T.T0185.csproj", "{D7A56282-2770-4386-813B-C1200F11C885}"
EndProject
Project("{9A19103F-16F7-4668-BE54-9A1E7A4F7556}") = "R5T.T0186", "..\..\R5T.T0186\source\R5T.T0186\R5T.T0186.csproj", "{4863CB07-0CB6-4FF9-805A-BDEBA199A457}"
EndProject
Project("{9A19103F-16F7-4668-BE54-9A1E7A4F7556}") = "R5T.T0187", "..\..\R5T.T0187\source\R5T.T0187\R5T.T0187.csproj", "{5CE1F0BC-FD75-4DE9-984E-4CB28F9B0565}"
EndProject
Project("{9A19103F-16F7-4668-BE54-9A1E7A4F7556}") = "R5T.T0196", "..\..\R5T.T0196\source\R5T.T0196\R5T.T0196.csproj", "{8DC96940-EE50-4215-BC70-6314CC94C084}"
EndProject
Project("{9A19103F-16F7-4668-BE54-9A1E7A4F7556}") = "R5T.T0197", "..\..\R5T.T0197\source\R5T.T0197\R5T.T0197.csproj", "{DA31E903-4703-4EA6-B7B0-F5E1962146BA}"
EndProject
Project("{9A19103F-16F7-4668-BE54-9A1E7A4F7556}") = "R5T.T0198", "..\..\R5T.T0198\source\R5T.T0198\R5T.T0198.csproj", "{E616CA71-3C6B-4044-A21C-93DA3EC3CDF6}"
EndProject
Project("{9A19103F-16F7-4668-BE54-9A1E7A4F7556}") = "R5T.T0199", "..\..\R5T.T0199\source\R5T.T0199\R5T.T0199.csproj", "{3A575A9A-3FB7-4BD8-B64C-5B1A22A4800E}"
EndProject
Project("{9A19103F-16F7-4668-BE54-9A1E7A4F7556}") = "R5T.T0200", "..\..\R5T.T0200\source\R5T.T0200\R5T.T0200.csproj", "{BDD4B950-D937-4080-BE71-81A62507131F}"
EndProject
Project("{9A19103F-16F7-4668-BE54-9A1E7A4F7556}") = "R5T.T0203", "..\..\R5T.T0203\source\R5T.T0203\R5T.T0203.csproj", "{DEAFC3BD-F73F-426B-9538-7E81F2401640}"
EndProject
Project("{9A19103F-16F7-4668-BE54-9A1E7A4F7556}") = "R5T.T0213", "..\..\R5T.T0213\source\R5T.T0213\R5T.T0213.csproj", "{387ADAE5-98EA-4FC8-B961-EE08F8B72990}"
EndProject
Project("{9A19103F-16F7-4668-BE54-9A1E7A4F7556}") = "R5T.T0218", "..\..\R5T.T0218\source\R5T.T0218\R5T.T0218.csproj", "{BA499703-E4BC-4E93-A1D5-300FB35AC363}"
EndProject
Project("{9A19103F-16F7-4668-BE54-9A1E7A4F7556}") = "R5T.T0220", "..\..\R5T.T0220\source\R5T.T0220\R5T.T0220.csproj", "{F52EB807-9389-4891-A9C9-69109C76D6D6}"
EndProject
Project("{9A19103F-16F7-4668-BE54-9A1E7A4F7556}") = "R5T.T0221", "..\..\R5T.T0221\source\R5T.T0221\R5T.T0221.csproj", "{232AD8D2-ADD8-4275-BE8B-27A6787FD2F0}"
EndProject
Project("{9A19103F-16F7-4668-BE54-9A1E7A4F7556}") = "R5T.T0224", "..\..\R5T.T0224\source\R5T.T0224\R5T.T0224.csproj", "{E80C93F7-A5CB-4D75-97AF-87EFF6505F85}"
EndProject
Project("{9A19103F-16F7-4668-BE54-9A1E7A4F7556}") = "R5T.Z0010", "..\..\R5T.Z0010\source\R5T.Z0010\R5T.Z0010.csproj", "{EA0D8CE3-1C39-43F2-B905-45FB39F48CEB}"
EndProject
Project("{9A19103F-16F7-4668-BE54-9A1E7A4F7556}") = "R5T.Z0046.Platform", "..\..\R5T.Z0046\source\R5T.Z0046.Platform\R5T.Z0046.Platform.csproj", "{6EE6F6EF-E9F1-4151-BC91-4D96D20D54DC}"
EndProject
Project("{9A19103F-16F7-4668-BE54-9A1E7A4F7556}") = "R5T.Z0046", "..\..\R5T.Z0046\source\R5T.Z0046\R5T.Z0046.csproj", "{E2FA6B45-E542-40F1-9D7C-E57D503AFCB8}"
EndProject
Global
	GlobalSection(NestedProjects) = preSolution
		{91F4E8E0-27F4-4095-A135-5BD0C19959DA} = {A092447F-7EF6-471B-9632-986D66CD3607}
		{FC57A1AC-91B7-4C03-9C7D-D6B16BCB769F} = {A092447F-7EF6-471B-9632-986D66CD3607}
		{C8192CE8-BB07-4EBF-A642-B1D73DF29D30} = {A092447F-7EF6-471B-9632-986D66CD3607}
		{BCF5B2EC-68B6-4998-8CB6-CB96A896BC18} = {A092447F-7EF6-471B-9632-986D66CD3607}
		{CD52E19E-614B-4CAD-8849-6694A7C02BBE} = {A092447F-7EF6-471B-9632-986D66CD3607}
		{0345D33A-1C7E-4CC4-9D63-6DD856A8E146} = {A092447F-7EF6-471B-9632-986D66CD3607}
		{F1004420-C221-43BD-910B-2784F648DCCA} = {A092447F-7EF6-471B-9632-986D66CD3607}
		{160A2B64-865C-475C-9917-53DC033788C7} = {A092447F-7EF6-471B-9632-986D66CD3607}
		{12D884B0-84F6-411D-B337-CD43D1866ABF} = {A092447F-7EF6-471B-9632-986D66CD3607}
		{60AF8D0A-EAAC-498A-AE68-FD38D681E3D0} = {A092447F-7EF6-471B-9632-986D66CD3607}
		{B25C1BCC-3A3B-475A-8562-E33E4D99DD97} = {A092447F-7EF6-471B-9632-986D66CD3607}
		{3109C397-7882-4F30-85E1-D7BFAD582FF2} = {A092447F-7EF6-471B-9632-986D66CD3607}
		{C150D57B-B1D8-411E-8D2C-A8661E73B52F} = {A092447F-7EF6-471B-9632-986D66CD3607}
		{8655CD84-F553-4ABA-9A3B-A757A84F215A} = {A092447F-7EF6-471B-9632-986D66CD3607}
		{1C40F6DF-DFC7-4091-B594-823A290B8060} = {A092447F-7EF6-471B-9632-986D66CD3607}
		{E70A62AA-E236-40F0-97FF-3B6FA51B78E4} = {A092447F-7EF6-471B-9632-986D66CD3607}
		{43DC1D37-C39C-463E-923C-230ABF599D4A} = {A092447F-7EF6-471B-9632-986D66CD3607}
		{6294D0F7-3730-4597-BB54-BA1A4E029EA2} = {A092447F-7EF6-471B-9632-986D66CD3607}
		{D3CE1EE4-53CF-4C8D-8A15-1F21028620AB} = {A092447F-7EF6-471B-9632-986D66CD3607}
		{EB8511A9-F5CC-4F7F-B551-CCEA3C3BA98E} = {A092447F-7EF6-471B-9632-986D66CD3607}
		{D1F7A5FD-8685-48BA-91C7-B88F19DAF8FD} = {A092447F-7EF6-471B-9632-986D66CD3607}
		{350CE0A0-5DAC-4BC2-A6EC-C05E8DA1C220} = {A092447F-7EF6-471B-9632-986D66CD3607}
		{ABBEDDEE-F8CE-4B2A-9C1B-BCB39E640F21} = {A092447F-7EF6-471B-9632-986D66CD3607}
		{A9CCFF40-30A5-43C7-8189-AF74C4FAAAC2} = {A092447F-7EF6-471B-9632-986D66CD3607}
		{D77E6B00-7081-4CDC-95E2-2D30606540FF} = {A092447F-7EF6-471B-9632-986D66CD3607}
		{5C64529F-CA21-4AC1-A978-30FE1C002DF5} = {A092447F-7EF6-471B-9632-986D66CD3607}
		{4E2F00F3-4A74-4302-BFF0-6AC0BDFA7B71} = {A092447F-7EF6-471B-9632-986D66CD3607}
		{7083954E-241E-4FB5-ABAD-6635F3BBC893} = {A092447F-7EF6-471B-9632-986D66CD3607}
		{60823452-E2FE-4896-9718-6C80EA6E7AA8} = {A092447F-7EF6-471B-9632-986D66CD3607}
		{27766380-2C1B-4AA8-B807-58FC0A3928D8} = {A092447F-7EF6-471B-9632-986D66CD3607}
		{94C4E0A8-D6F4-4CB5-904D-AE5DA8B0D816} = {A092447F-7EF6-471B-9632-986D66CD3607}
		{A42AFA7C-2D58-4E89-B3F6-68AE13F0B691} = {A092447F-7EF6-471B-9632-986D66CD3607}
		{CBA3D6E6-4B4B-4D97-897D-AD72FB670963} = {A092447F-7EF6-471B-9632-986D66CD3607}
		{5F018C82-4211-4EA3-AF7B-22E2241F8FAE} = {A092447F-7EF6-471B-9632-986D66CD3607}
		{49DD9BC3-737F-4F43-8C86-3B5AFA63CFAD} = {A092447F-7EF6-471B-9632-986D66CD3607}
		{84ECB09F-CA90-4B27-9E1C-3C38CA987982} = {A092447F-7EF6-471B-9632-986D66CD3607}
		{FD8A917B-7BF2-4ACA-9352-4953ACA24278} = {A092447F-7EF6-471B-9632-986D66CD3607}
		{8136AC5C-E696-4306-8045-77D76ECB1473} = {A092447F-7EF6-471B-9632-986D66CD3607}
		{783F38FD-7F87-4626-B932-DA0C68A90CAD} = {A092447F-7EF6-471B-9632-986D66CD3607}
		{51A2B0D1-90C5-44FB-8C35-FCA8B3061D05} = {A092447F-7EF6-471B-9632-986D66CD3607}
		{3120D21B-910E-46EF-A072-DB6DE63AC226} = {A092447F-7EF6-471B-9632-986D66CD3607}
		{9C98D807-BF3E-45C4-85BC-A3AB97E3DADE} = {A092447F-7EF6-471B-9632-986D66CD3607}
		{2A91DD8C-184D-4E0E-AC02-F23F7EBB704C} = {A092447F-7EF6-471B-9632-986D66CD3607}
		{A28DEB34-F400-4757-88E4-393A7D42D352} = {A092447F-7EF6-471B-9632-986D66CD3607}
		{9E4FFCEF-1BCD-4D79-843C-59A27DCC481D} = {A092447F-7EF6-471B-9632-986D66CD3607}
		{0A567833-1A57-427D-857B-A6439B8BED34} = {A092447F-7EF6-471B-9632-986D66CD3607}
		{4A2C2F99-057F-41A9-A541-0F9A4D5349B1} = {A092447F-7EF6-471B-9632-986D66CD3607}
		{9E51BE5F-626A-4212-AE87-9667253146D2} = {A092447F-7EF6-471B-9632-986D66CD3607}
		{CDA279AE-37F0-41EF-BDB3-3E027F43A63E} = {A092447F-7EF6-471B-9632-986D66CD3607}
		{D7A56282-2770-4386-813B-C1200F11C885} = {A092447F-7EF6-471B-9632-986D66CD3607}
		{4863CB07-0CB6-4FF9-805A-BDEBA199A457} = {A092447F-7EF6-471B-9632-986D66CD3607}
		{5CE1F0BC-FD75-4DE9-984E-4CB28F9B0565} = {A092447F-7EF6-471B-9632-986D66CD3607}
		{8DC96940-EE50-4215-BC70-6314CC94C084} = {A092447F-7EF6-471B-9632-986D66CD3607}
		{DA31E903-4703-4EA6-B7B0-F5E1962146BA} = {A092447F-7EF6-471B-9632-986D66CD3607}
		{E616CA71-3C6B-4044-A21C-93DA3EC3CDF6} = {A092447F-7EF6-471B-9632-986D66CD3607}
		{3A575A9A-3FB7-4BD8-B64C-5B1A22A4800E} = {A092447F-7EF6-471B-9632-986D66CD3607}
		{BDD4B950-D937-4080-BE71-81A62507131F} = {A092447F-7EF6-471B-9632-986D66CD3607}
		{DEAFC3BD-F73F-426B-9538-7E81F2401640} = {A092447F-7EF6-471B-9632-986D66CD3607}
		{387ADAE5-98EA-4FC8-B961-EE08F8B72990} = {A092447F-7EF6-471B-9632-986D66CD3607}
		{BA499703-E4BC-4E93-A1D5-300FB35AC363} = {A092447F-7EF6-471B-9632-986D66CD3607}
		{F52EB807-9389-4891-A9C9-69109C76D6D6} = {A092447F-7EF6-471B-9632-986D66CD3607}
		{232AD8D2-ADD8-4275-BE8B-27A6787FD2F0} = {A092447F-7EF6-471B-9632-986D66CD3607}
		{E80C93F7-A5CB-4D75-97AF-87EFF6505F85} = {A092447F-7EF6-471B-9632-986D66CD3607}
		{EA0D8CE3-1C39-43F2-B905-45FB39F48CEB} = {A092447F-7EF6-471B-9632-986D66CD3607}
		{6EE6F6EF-E9F1-4151-BC91-4D96D20D54DC} = {A092447F-7EF6-471B-9632-986D66CD3607}
		{E2FA6B45-E542-40F1-9D7C-E57D503AFCB8} = {A092447F-7EF6-471B-9632-986D66CD3607}
	EndGlobalSection
	GlobalSection(SolutionConfigurationPlatforms) = preSolution
		Debug|Any CPU = Debug|Any CPU
		Release|Any CPU = Release|Any CPU
	EndGlobalSection
	GlobalSection(ProjectConfigurationPlatforms) = postSolution
		{0CF27DDC-6C98-4140-AB2F-D290F097E9DA}.Debug|Any CPU.ActiveCfg = Debug|Any CPU
		{0CF27DDC-6C98-4140-AB2F-D290F097E9DA}.Debug|Any CPU.Build.0 = Debug|Any CPU
		{0CF27DDC-6C98-4140-AB2F-D290F097E9DA}.Release|Any CPU.ActiveCfg = Release|Any CPU
		{0CF27DDC-6C98-4140-AB2F-D290F097E9DA}.Release|Any CPU.Build.0 = Release|Any CPU
		{91F4E8E0-27F4-4095-A135-5BD0C19959DA}.Debug|Any CPU.ActiveCfg = Debug|Any CPU
		{91F4E8E0-27F4-4095-A135-5BD0C19959DA}.Debug|Any CPU.Build.0 = Debug|Any CPU
		{91F4E8E0-27F4-4095-A135-5BD0C19959DA}.Release|Any CPU.ActiveCfg = Release|Any CPU
		{91F4E8E0-27F4-4095-A135-5BD0C19959DA}.Release|Any CPU.Build.0 = Release|Any CPU
		{FC57A1AC-91B7-4C03-9C7D-D6B16BCB769F}.Debug|Any CPU.ActiveCfg = Debug|Any CPU
		{FC57A1AC-91B7-4C03-9C7D-D6B16BCB769F}.Debug|Any CPU.Build.0 = Debug|Any CPU
		{FC57A1AC-91B7-4C03-9C7D-D6B16BCB769F}.Release|Any CPU.ActiveCfg = Release|Any CPU
		{FC57A1AC-91B7-4C03-9C7D-D6B16BCB769F}.Release|Any CPU.Build.0 = Release|Any CPU
		{C8192CE8-BB07-4EBF-A642-B1D73DF29D30}.Debug|Any CPU.ActiveCfg = Debug|Any CPU
		{C8192CE8-BB07-4EBF-A642-B1D73DF29D30}.Debug|Any CPU.Build.0 = Debug|Any CPU
		{C8192CE8-BB07-4EBF-A642-B1D73DF29D30}.Release|Any CPU.ActiveCfg = Release|Any CPU
		{C8192CE8-BB07-4EBF-A642-B1D73DF29D30}.Release|Any CPU.Build.0 = Release|Any CPU
		{BCF5B2EC-68B6-4998-8CB6-CB96A896BC18}.Debug|Any CPU.ActiveCfg = Debug|Any CPU
		{BCF5B2EC-68B6-4998-8CB6-CB96A896BC18}.Debug|Any CPU.Build.0 = Debug|Any CPU
		{BCF5B2EC-68B6-4998-8CB6-CB96A896BC18}.Release|Any CPU.ActiveCfg = Release|Any CPU
		{BCF5B2EC-68B6-4998-8CB6-CB96A896BC18}.Release|Any CPU.Build.0 = Release|Any CPU
		{CD52E19E-614B-4CAD-8849-6694A7C02BBE}.Debug|Any CPU.ActiveCfg = Debug|Any CPU
		{CD52E19E-614B-4CAD-8849-6694A7C02BBE}.Debug|Any CPU.Build.0 = Debug|Any CPU
		{CD52E19E-614B-4CAD-8849-6694A7C02BBE}.Release|Any CPU.ActiveCfg = Release|Any CPU
		{CD52E19E-614B-4CAD-8849-6694A7C02BBE}.Release|Any CPU.Build.0 = Release|Any CPU
		{0345D33A-1C7E-4CC4-9D63-6DD856A8E146}.Debug|Any CPU.ActiveCfg = Debug|Any CPU
		{0345D33A-1C7E-4CC4-9D63-6DD856A8E146}.Debug|Any CPU.Build.0 = Debug|Any CPU
		{0345D33A-1C7E-4CC4-9D63-6DD856A8E146}.Release|Any CPU.ActiveCfg = Release|Any CPU
		{0345D33A-1C7E-4CC4-9D63-6DD856A8E146}.Release|Any CPU.Build.0 = Release|Any CPU
		{F1004420-C221-43BD-910B-2784F648DCCA}.Debug|Any CPU.ActiveCfg = Debug|Any CPU
		{F1004420-C221-43BD-910B-2784F648DCCA}.Debug|Any CPU.Build.0 = Debug|Any CPU
		{F1004420-C221-43BD-910B-2784F648DCCA}.Release|Any CPU.ActiveCfg = Release|Any CPU
		{F1004420-C221-43BD-910B-2784F648DCCA}.Release|Any CPU.Build.0 = Release|Any CPU
		{160A2B64-865C-475C-9917-53DC033788C7}.Debug|Any CPU.ActiveCfg = Debug|Any CPU
		{160A2B64-865C-475C-9917-53DC033788C7}.Debug|Any CPU.Build.0 = Debug|Any CPU
		{160A2B64-865C-475C-9917-53DC033788C7}.Release|Any CPU.ActiveCfg = Release|Any CPU
		{160A2B64-865C-475C-9917-53DC033788C7}.Release|Any CPU.Build.0 = Release|Any CPU
		{12D884B0-84F6-411D-B337-CD43D1866ABF}.Debug|Any CPU.ActiveCfg = Debug|Any CPU
		{12D884B0-84F6-411D-B337-CD43D1866ABF}.Debug|Any CPU.Build.0 = Debug|Any CPU
		{12D884B0-84F6-411D-B337-CD43D1866ABF}.Release|Any CPU.ActiveCfg = Release|Any CPU
		{12D884B0-84F6-411D-B337-CD43D1866ABF}.Release|Any CPU.Build.0 = Release|Any CPU
		{60AF8D0A-EAAC-498A-AE68-FD38D681E3D0}.Debug|Any CPU.ActiveCfg = Debug|Any CPU
		{60AF8D0A-EAAC-498A-AE68-FD38D681E3D0}.Debug|Any CPU.Build.0 = Debug|Any CPU
		{60AF8D0A-EAAC-498A-AE68-FD38D681E3D0}.Release|Any CPU.ActiveCfg = Release|Any CPU
		{60AF8D0A-EAAC-498A-AE68-FD38D681E3D0}.Release|Any CPU.Build.0 = Release|Any CPU
		{B25C1BCC-3A3B-475A-8562-E33E4D99DD97}.Debug|Any CPU.ActiveCfg = Debug|Any CPU
		{B25C1BCC-3A3B-475A-8562-E33E4D99DD97}.Debug|Any CPU.Build.0 = Debug|Any CPU
		{B25C1BCC-3A3B-475A-8562-E33E4D99DD97}.Release|Any CPU.ActiveCfg = Release|Any CPU
		{B25C1BCC-3A3B-475A-8562-E33E4D99DD97}.Release|Any CPU.Build.0 = Release|Any CPU
		{3109C397-7882-4F30-85E1-D7BFAD582FF2}.Debug|Any CPU.ActiveCfg = Debug|Any CPU
		{3109C397-7882-4F30-85E1-D7BFAD582FF2}.Debug|Any CPU.Build.0 = Debug|Any CPU
		{3109C397-7882-4F30-85E1-D7BFAD582FF2}.Release|Any CPU.ActiveCfg = Release|Any CPU
		{3109C397-7882-4F30-85E1-D7BFAD582FF2}.Release|Any CPU.Build.0 = Release|Any CPU
		{C150D57B-B1D8-411E-8D2C-A8661E73B52F}.Debug|Any CPU.ActiveCfg = Debug|Any CPU
		{C150D57B-B1D8-411E-8D2C-A8661E73B52F}.Debug|Any CPU.Build.0 = Debug|Any CPU
		{C150D57B-B1D8-411E-8D2C-A8661E73B52F}.Release|Any CPU.ActiveCfg = Release|Any CPU
		{C150D57B-B1D8-411E-8D2C-A8661E73B52F}.Release|Any CPU.Build.0 = Release|Any CPU
		{8655CD84-F553-4ABA-9A3B-A757A84F215A}.Debug|Any CPU.ActiveCfg = Debug|Any CPU
		{8655CD84-F553-4ABA-9A3B-A757A84F215A}.Debug|Any CPU.Build.0 = Debug|Any CPU
		{8655CD84-F553-4ABA-9A3B-A757A84F215A}.Release|Any CPU.ActiveCfg = Release|Any CPU
		{8655CD84-F553-4ABA-9A3B-A757A84F215A}.Release|Any CPU.Build.0 = Release|Any CPU
		{1C40F6DF-DFC7-4091-B594-823A290B8060}.Debug|Any CPU.ActiveCfg = Debug|Any CPU
		{1C40F6DF-DFC7-4091-B594-823A290B8060}.Debug|Any CPU.Build.0 = Debug|Any CPU
		{1C40F6DF-DFC7-4091-B594-823A290B8060}.Release|Any CPU.ActiveCfg = Release|Any CPU
		{1C40F6DF-DFC7-4091-B594-823A290B8060}.Release|Any CPU.Build.0 = Release|Any CPU
		{E70A62AA-E236-40F0-97FF-3B6FA51B78E4}.Debug|Any CPU.ActiveCfg = Debug|Any CPU
		{E70A62AA-E236-40F0-97FF-3B6FA51B78E4}.Debug|Any CPU.Build.0 = Debug|Any CPU
		{E70A62AA-E236-40F0-97FF-3B6FA51B78E4}.Release|Any CPU.ActiveCfg = Release|Any CPU
		{E70A62AA-E236-40F0-97FF-3B6FA51B78E4}.Release|Any CPU.Build.0 = Release|Any CPU
		{43DC1D37-C39C-463E-923C-230ABF599D4A}.Debug|Any CPU.ActiveCfg = Debug|Any CPU
		{43DC1D37-C39C-463E-923C-230ABF599D4A}.Debug|Any CPU.Build.0 = Debug|Any CPU
		{43DC1D37-C39C-463E-923C-230ABF599D4A}.Release|Any CPU.ActiveCfg = Release|Any CPU
		{43DC1D37-C39C-463E-923C-230ABF599D4A}.Release|Any CPU.Build.0 = Release|Any CPU
		{6294D0F7-3730-4597-BB54-BA1A4E029EA2}.Debug|Any CPU.ActiveCfg = Debug|Any CPU
		{6294D0F7-3730-4597-BB54-BA1A4E029EA2}.Debug|Any CPU.Build.0 = Debug|Any CPU
		{6294D0F7-3730-4597-BB54-BA1A4E029EA2}.Release|Any CPU.ActiveCfg = Release|Any CPU
		{6294D0F7-3730-4597-BB54-BA1A4E029EA2}.Release|Any CPU.Build.0 = Release|Any CPU
		{D3CE1EE4-53CF-4C8D-8A15-1F21028620AB}.Debug|Any CPU.ActiveCfg = Debug|Any CPU
		{D3CE1EE4-53CF-4C8D-8A15-1F21028620AB}.Debug|Any CPU.Build.0 = Debug|Any CPU
		{D3CE1EE4-53CF-4C8D-8A15-1F21028620AB}.Release|Any CPU.ActiveCfg = Release|Any CPU
		{D3CE1EE4-53CF-4C8D-8A15-1F21028620AB}.Release|Any CPU.Build.0 = Release|Any CPU
		{EB8511A9-F5CC-4F7F-B551-CCEA3C3BA98E}.Debug|Any CPU.ActiveCfg = Debug|Any CPU
		{EB8511A9-F5CC-4F7F-B551-CCEA3C3BA98E}.Debug|Any CPU.Build.0 = Debug|Any CPU
		{EB8511A9-F5CC-4F7F-B551-CCEA3C3BA98E}.Release|Any CPU.ActiveCfg = Release|Any CPU
		{EB8511A9-F5CC-4F7F-B551-CCEA3C3BA98E}.Release|Any CPU.Build.0 = Release|Any CPU
		{D1F7A5FD-8685-48BA-91C7-B88F19DAF8FD}.Debug|Any CPU.ActiveCfg = Debug|Any CPU
		{D1F7A5FD-8685-48BA-91C7-B88F19DAF8FD}.Debug|Any CPU.Build.0 = Debug|Any CPU
		{D1F7A5FD-8685-48BA-91C7-B88F19DAF8FD}.Release|Any CPU.ActiveCfg = Release|Any CPU
		{D1F7A5FD-8685-48BA-91C7-B88F19DAF8FD}.Release|Any CPU.Build.0 = Release|Any CPU
		{350CE0A0-5DAC-4BC2-A6EC-C05E8DA1C220}.Debug|Any CPU.ActiveCfg = Debug|Any CPU
		{350CE0A0-5DAC-4BC2-A6EC-C05E8DA1C220}.Debug|Any CPU.Build.0 = Debug|Any CPU
		{350CE0A0-5DAC-4BC2-A6EC-C05E8DA1C220}.Release|Any CPU.ActiveCfg = Release|Any CPU
		{350CE0A0-5DAC-4BC2-A6EC-C05E8DA1C220}.Release|Any CPU.Build.0 = Release|Any CPU
		{ABBEDDEE-F8CE-4B2A-9C1B-BCB39E640F21}.Debug|Any CPU.ActiveCfg = Debug|Any CPU
		{ABBEDDEE-F8CE-4B2A-9C1B-BCB39E640F21}.Debug|Any CPU.Build.0 = Debug|Any CPU
		{ABBEDDEE-F8CE-4B2A-9C1B-BCB39E640F21}.Release|Any CPU.ActiveCfg = Release|Any CPU
		{ABBEDDEE-F8CE-4B2A-9C1B-BCB39E640F21}.Release|Any CPU.Build.0 = Release|Any CPU
		{A9CCFF40-30A5-43C7-8189-AF74C4FAAAC2}.Debug|Any CPU.ActiveCfg = Debug|Any CPU
		{A9CCFF40-30A5-43C7-8189-AF74C4FAAAC2}.Debug|Any CPU.Build.0 = Debug|Any CPU
		{A9CCFF40-30A5-43C7-8189-AF74C4FAAAC2}.Release|Any CPU.ActiveCfg = Release|Any CPU
		{A9CCFF40-30A5-43C7-8189-AF74C4FAAAC2}.Release|Any CPU.Build.0 = Release|Any CPU
		{D77E6B00-7081-4CDC-95E2-2D30606540FF}.Debug|Any CPU.ActiveCfg = Debug|Any CPU
		{D77E6B00-7081-4CDC-95E2-2D30606540FF}.Debug|Any CPU.Build.0 = Debug|Any CPU
		{D77E6B00-7081-4CDC-95E2-2D30606540FF}.Release|Any CPU.ActiveCfg = Release|Any CPU
		{D77E6B00-7081-4CDC-95E2-2D30606540FF}.Release|Any CPU.Build.0 = Release|Any CPU
		{5C64529F-CA21-4AC1-A978-30FE1C002DF5}.Debug|Any CPU.ActiveCfg = Debug|Any CPU
		{5C64529F-CA21-4AC1-A978-30FE1C002DF5}.Debug|Any CPU.Build.0 = Debug|Any CPU
		{5C64529F-CA21-4AC1-A978-30FE1C002DF5}.Release|Any CPU.ActiveCfg = Release|Any CPU
		{5C64529F-CA21-4AC1-A978-30FE1C002DF5}.Release|Any CPU.Build.0 = Release|Any CPU
		{4E2F00F3-4A74-4302-BFF0-6AC0BDFA7B71}.Debug|Any CPU.ActiveCfg = Debug|Any CPU
		{4E2F00F3-4A74-4302-BFF0-6AC0BDFA7B71}.Debug|Any CPU.Build.0 = Debug|Any CPU
		{4E2F00F3-4A74-4302-BFF0-6AC0BDFA7B71}.Release|Any CPU.ActiveCfg = Release|Any CPU
		{4E2F00F3-4A74-4302-BFF0-6AC0BDFA7B71}.Release|Any CPU.Build.0 = Release|Any CPU
		{7083954E-241E-4FB5-ABAD-6635F3BBC893}.Debug|Any CPU.ActiveCfg = Debug|Any CPU
		{7083954E-241E-4FB5-ABAD-6635F3BBC893}.Debug|Any CPU.Build.0 = Debug|Any CPU
		{7083954E-241E-4FB5-ABAD-6635F3BBC893}.Release|Any CPU.ActiveCfg = Release|Any CPU
		{7083954E-241E-4FB5-ABAD-6635F3BBC893}.Release|Any CPU.Build.0 = Release|Any CPU
		{60823452-E2FE-4896-9718-6C80EA6E7AA8}.Debug|Any CPU.ActiveCfg = Debug|Any CPU
		{60823452-E2FE-4896-9718-6C80EA6E7AA8}.Debug|Any CPU.Build.0 = Debug|Any CPU
		{60823452-E2FE-4896-9718-6C80EA6E7AA8}.Release|Any CPU.ActiveCfg = Release|Any CPU
		{60823452-E2FE-4896-9718-6C80EA6E7AA8}.Release|Any CPU.Build.0 = Release|Any CPU
		{27766380-2C1B-4AA8-B807-58FC0A3928D8}.Debug|Any CPU.ActiveCfg = Debug|Any CPU
		{27766380-2C1B-4AA8-B807-58FC0A3928D8}.Debug|Any CPU.Build.0 = Debug|Any CPU
		{27766380-2C1B-4AA8-B807-58FC0A3928D8}.Release|Any CPU.ActiveCfg = Release|Any CPU
		{27766380-2C1B-4AA8-B807-58FC0A3928D8}.Release|Any CPU.Build.0 = Release|Any CPU
		{94C4E0A8-D6F4-4CB5-904D-AE5DA8B0D816}.Debug|Any CPU.ActiveCfg = Debug|Any CPU
		{94C4E0A8-D6F4-4CB5-904D-AE5DA8B0D816}.Debug|Any CPU.Build.0 = Debug|Any CPU
		{94C4E0A8-D6F4-4CB5-904D-AE5DA8B0D816}.Release|Any CPU.ActiveCfg = Release|Any CPU
		{94C4E0A8-D6F4-4CB5-904D-AE5DA8B0D816}.Release|Any CPU.Build.0 = Release|Any CPU
		{A42AFA7C-2D58-4E89-B3F6-68AE13F0B691}.Debug|Any CPU.ActiveCfg = Debug|Any CPU
		{A42AFA7C-2D58-4E89-B3F6-68AE13F0B691}.Debug|Any CPU.Build.0 = Debug|Any CPU
		{A42AFA7C-2D58-4E89-B3F6-68AE13F0B691}.Release|Any CPU.ActiveCfg = Release|Any CPU
		{A42AFA7C-2D58-4E89-B3F6-68AE13F0B691}.Release|Any CPU.Build.0 = Release|Any CPU
		{CBA3D6E6-4B4B-4D97-897D-AD72FB670963}.Debug|Any CPU.ActiveCfg = Debug|Any CPU
		{CBA3D6E6-4B4B-4D97-897D-AD72FB670963}.Debug|Any CPU.Build.0 = Debug|Any CPU
		{CBA3D6E6-4B4B-4D97-897D-AD72FB670963}.Release|Any CPU.ActiveCfg = Release|Any CPU
		{CBA3D6E6-4B4B-4D97-897D-AD72FB670963}.Release|Any CPU.Build.0 = Release|Any CPU
		{5F018C82-4211-4EA3-AF7B-22E2241F8FAE}.Debug|Any CPU.ActiveCfg = Debug|Any CPU
		{5F018C82-4211-4EA3-AF7B-22E2241F8FAE}.Debug|Any CPU.Build.0 = Debug|Any CPU
		{5F018C82-4211-4EA3-AF7B-22E2241F8FAE}.Release|Any CPU.ActiveCfg = Release|Any CPU
		{5F018C82-4211-4EA3-AF7B-22E2241F8FAE}.Release|Any CPU.Build.0 = Release|Any CPU
		{49DD9BC3-737F-4F43-8C86-3B5AFA63CFAD}.Debug|Any CPU.ActiveCfg = Debug|Any CPU
		{49DD9BC3-737F-4F43-8C86-3B5AFA63CFAD}.Debug|Any CPU.Build.0 = Debug|Any CPU
		{49DD9BC3-737F-4F43-8C86-3B5AFA63CFAD}.Release|Any CPU.ActiveCfg = Release|Any CPU
		{49DD9BC3-737F-4F43-8C86-3B5AFA63CFAD}.Release|Any CPU.Build.0 = Release|Any CPU
		{84ECB09F-CA90-4B27-9E1C-3C38CA987982}.Debug|Any CPU.ActiveCfg = Debug|Any CPU
		{84ECB09F-CA90-4B27-9E1C-3C38CA987982}.Debug|Any CPU.Build.0 = Debug|Any CPU
		{84ECB09F-CA90-4B27-9E1C-3C38CA987982}.Release|Any CPU.ActiveCfg = Release|Any CPU
		{84ECB09F-CA90-4B27-9E1C-3C38CA987982}.Release|Any CPU.Build.0 = Release|Any CPU
		{FD8A917B-7BF2-4ACA-9352-4953ACA24278}.Debug|Any CPU.ActiveCfg = Debug|Any CPU
		{FD8A917B-7BF2-4ACA-9352-4953ACA24278}.Debug|Any CPU.Build.0 = Debug|Any CPU
		{FD8A917B-7BF2-4ACA-9352-4953ACA24278}.Release|Any CPU.ActiveCfg = Release|Any CPU
		{FD8A917B-7BF2-4ACA-9352-4953ACA24278}.Release|Any CPU.Build.0 = Release|Any CPU
		{8136AC5C-E696-4306-8045-77D76ECB1473}.Debug|Any CPU.ActiveCfg = Debug|Any CPU
		{8136AC5C-E696-4306-8045-77D76ECB1473}.Debug|Any CPU.Build.0 = Debug|Any CPU
		{8136AC5C-E696-4306-8045-77D76ECB1473}.Release|Any CPU.ActiveCfg = Release|Any CPU
		{8136AC5C-E696-4306-8045-77D76ECB1473}.Release|Any CPU.Build.0 = Release|Any CPU
		{783F38FD-7F87-4626-B932-DA0C68A90CAD}.Debug|Any CPU.ActiveCfg = Debug|Any CPU
		{783F38FD-7F87-4626-B932-DA0C68A90CAD}.Debug|Any CPU.Build.0 = Debug|Any CPU
		{783F38FD-7F87-4626-B932-DA0C68A90CAD}.Release|Any CPU.ActiveCfg = Release|Any CPU
		{783F38FD-7F87-4626-B932-DA0C68A90CAD}.Release|Any CPU.Build.0 = Release|Any CPU
		{51A2B0D1-90C5-44FB-8C35-FCA8B3061D05}.Debug|Any CPU.ActiveCfg = Debug|Any CPU
		{51A2B0D1-90C5-44FB-8C35-FCA8B3061D05}.Debug|Any CPU.Build.0 = Debug|Any CPU
		{51A2B0D1-90C5-44FB-8C35-FCA8B3061D05}.Release|Any CPU.ActiveCfg = Release|Any CPU
		{51A2B0D1-90C5-44FB-8C35-FCA8B3061D05}.Release|Any CPU.Build.0 = Release|Any CPU
		{3120D21B-910E-46EF-A072-DB6DE63AC226}.Debug|Any CPU.ActiveCfg = Debug|Any CPU
		{3120D21B-910E-46EF-A072-DB6DE63AC226}.Debug|Any CPU.Build.0 = Debug|Any CPU
		{3120D21B-910E-46EF-A072-DB6DE63AC226}.Release|Any CPU.ActiveCfg = Release|Any CPU
		{3120D21B-910E-46EF-A072-DB6DE63AC226}.Release|Any CPU.Build.0 = Release|Any CPU
		{9C98D807-BF3E-45C4-85BC-A3AB97E3DADE}.Debug|Any CPU.ActiveCfg = Debug|Any CPU
		{9C98D807-BF3E-45C4-85BC-A3AB97E3DADE}.Debug|Any CPU.Build.0 = Debug|Any CPU
		{9C98D807-BF3E-45C4-85BC-A3AB97E3DADE}.Release|Any CPU.ActiveCfg = Release|Any CPU
		{9C98D807-BF3E-45C4-85BC-A3AB97E3DADE}.Release|Any CPU.Build.0 = Release|Any CPU
		{2A91DD8C-184D-4E0E-AC02-F23F7EBB704C}.Debug|Any CPU.ActiveCfg = Debug|Any CPU
		{2A91DD8C-184D-4E0E-AC02-F23F7EBB704C}.Debug|Any CPU.Build.0 = Debug|Any CPU
		{2A91DD8C-184D-4E0E-AC02-F23F7EBB704C}.Release|Any CPU.ActiveCfg = Release|Any CPU
		{2A91DD8C-184D-4E0E-AC02-F23F7EBB704C}.Release|Any CPU.Build.0 = Release|Any CPU
		{A28DEB34-F400-4757-88E4-393A7D42D352}.Debug|Any CPU.ActiveCfg = Debug|Any CPU
		{A28DEB34-F400-4757-88E4-393A7D42D352}.Debug|Any CPU.Build.0 = Debug|Any CPU
		{A28DEB34-F400-4757-88E4-393A7D42D352}.Release|Any CPU.ActiveCfg = Release|Any CPU
		{A28DEB34-F400-4757-88E4-393A7D42D352}.Release|Any CPU.Build.0 = Release|Any CPU
		{9E4FFCEF-1BCD-4D79-843C-59A27DCC481D}.Debug|Any CPU.ActiveCfg = Debug|Any CPU
		{9E4FFCEF-1BCD-4D79-843C-59A27DCC481D}.Debug|Any CPU.Build.0 = Debug|Any CPU
		{9E4FFCEF-1BCD-4D79-843C-59A27DCC481D}.Release|Any CPU.ActiveCfg = Release|Any CPU
		{9E4FFCEF-1BCD-4D79-843C-59A27DCC481D}.Release|Any CPU.Build.0 = Release|Any CPU
		{0A567833-1A57-427D-857B-A6439B8BED34}.Debug|Any CPU.ActiveCfg = Debug|Any CPU
		{0A567833-1A57-427D-857B-A6439B8BED34}.Debug|Any CPU.Build.0 = Debug|Any CPU
		{0A567833-1A57-427D-857B-A6439B8BED34}.Release|Any CPU.ActiveCfg = Release|Any CPU
		{0A567833-1A57-427D-857B-A6439B8BED34}.Release|Any CPU.Build.0 = Release|Any CPU
		{4A2C2F99-057F-41A9-A541-0F9A4D5349B1}.Debug|Any CPU.ActiveCfg = Debug|Any CPU
		{4A2C2F99-057F-41A9-A541-0F9A4D5349B1}.Debug|Any CPU.Build.0 = Debug|Any CPU
		{4A2C2F99-057F-41A9-A541-0F9A4D5349B1}.Release|Any CPU.ActiveCfg = Release|Any CPU
		{4A2C2F99-057F-41A9-A541-0F9A4D5349B1}.Release|Any CPU.Build.0 = Release|Any CPU
		{9E51BE5F-626A-4212-AE87-9667253146D2}.Debug|Any CPU.ActiveCfg = Debug|Any CPU
		{9E51BE5F-626A-4212-AE87-9667253146D2}.Debug|Any CPU.Build.0 = Debug|Any CPU
		{9E51BE5F-626A-4212-AE87-9667253146D2}.Release|Any CPU.ActiveCfg = Release|Any CPU
		{9E51BE5F-626A-4212-AE87-9667253146D2}.Release|Any CPU.Build.0 = Release|Any CPU
		{CDA279AE-37F0-41EF-BDB3-3E027F43A63E}.Debug|Any CPU.ActiveCfg = Debug|Any CPU
		{CDA279AE-37F0-41EF-BDB3-3E027F43A63E}.Debug|Any CPU.Build.0 = Debug|Any CPU
		{CDA279AE-37F0-41EF-BDB3-3E027F43A63E}.Release|Any CPU.ActiveCfg = Release|Any CPU
		{CDA279AE-37F0-41EF-BDB3-3E027F43A63E}.Release|Any CPU.Build.0 = Release|Any CPU
		{D7A56282-2770-4386-813B-C1200F11C885}.Debug|Any CPU.ActiveCfg = Debug|Any CPU
		{D7A56282-2770-4386-813B-C1200F11C885}.Debug|Any CPU.Build.0 = Debug|Any CPU
		{D7A56282-2770-4386-813B-C1200F11C885}.Release|Any CPU.ActiveCfg = Release|Any CPU
		{D7A56282-2770-4386-813B-C1200F11C885}.Release|Any CPU.Build.0 = Release|Any CPU
		{4863CB07-0CB6-4FF9-805A-BDEBA199A457}.Debug|Any CPU.ActiveCfg = Debug|Any CPU
		{4863CB07-0CB6-4FF9-805A-BDEBA199A457}.Debug|Any CPU.Build.0 = Debug|Any CPU
		{4863CB07-0CB6-4FF9-805A-BDEBA199A457}.Release|Any CPU.ActiveCfg = Release|Any CPU
		{4863CB07-0CB6-4FF9-805A-BDEBA199A457}.Release|Any CPU.Build.0 = Release|Any CPU
		{5CE1F0BC-FD75-4DE9-984E-4CB28F9B0565}.Debug|Any CPU.ActiveCfg = Debug|Any CPU
		{5CE1F0BC-FD75-4DE9-984E-4CB28F9B0565}.Debug|Any CPU.Build.0 = Debug|Any CPU
		{5CE1F0BC-FD75-4DE9-984E-4CB28F9B0565}.Release|Any CPU.ActiveCfg = Release|Any CPU
		{5CE1F0BC-FD75-4DE9-984E-4CB28F9B0565}.Release|Any CPU.Build.0 = Release|Any CPU
		{8DC96940-EE50-4215-BC70-6314CC94C084}.Debug|Any CPU.ActiveCfg = Debug|Any CPU
		{8DC96940-EE50-4215-BC70-6314CC94C084}.Debug|Any CPU.Build.0 = Debug|Any CPU
		{8DC96940-EE50-4215-BC70-6314CC94C084}.Release|Any CPU.ActiveCfg = Release|Any CPU
		{8DC96940-EE50-4215-BC70-6314CC94C084}.Release|Any CPU.Build.0 = Release|Any CPU
		{DA31E903-4703-4EA6-B7B0-F5E1962146BA}.Debug|Any CPU.ActiveCfg = Debug|Any CPU
		{DA31E903-4703-4EA6-B7B0-F5E1962146BA}.Debug|Any CPU.Build.0 = Debug|Any CPU
		{DA31E903-4703-4EA6-B7B0-F5E1962146BA}.Release|Any CPU.ActiveCfg = Release|Any CPU
		{DA31E903-4703-4EA6-B7B0-F5E1962146BA}.Release|Any CPU.Build.0 = Release|Any CPU
		{E616CA71-3C6B-4044-A21C-93DA3EC3CDF6}.Debug|Any CPU.ActiveCfg = Debug|Any CPU
		{E616CA71-3C6B-4044-A21C-93DA3EC3CDF6}.Debug|Any CPU.Build.0 = Debug|Any CPU
		{E616CA71-3C6B-4044-A21C-93DA3EC3CDF6}.Release|Any CPU.ActiveCfg = Release|Any CPU
		{E616CA71-3C6B-4044-A21C-93DA3EC3CDF6}.Release|Any CPU.Build.0 = Release|Any CPU
		{3A575A9A-3FB7-4BD8-B64C-5B1A22A4800E}.Debug|Any CPU.ActiveCfg = Debug|Any CPU
		{3A575A9A-3FB7-4BD8-B64C-5B1A22A4800E}.Debug|Any CPU.Build.0 = Debug|Any CPU
		{3A575A9A-3FB7-4BD8-B64C-5B1A22A4800E}.Release|Any CPU.ActiveCfg = Release|Any CPU
		{3A575A9A-3FB7-4BD8-B64C-5B1A22A4800E}.Release|Any CPU.Build.0 = Release|Any CPU
		{BDD4B950-D937-4080-BE71-81A62507131F}.Debug|Any CPU.ActiveCfg = Debug|Any CPU
		{BDD4B950-D937-4080-BE71-81A62507131F}.Debug|Any CPU.Build.0 = Debug|Any CPU
		{BDD4B950-D937-4080-BE71-81A62507131F}.Release|Any CPU.ActiveCfg = Release|Any CPU
		{BDD4B950-D937-4080-BE71-81A62507131F}.Release|Any CPU.Build.0 = Release|Any CPU
		{DEAFC3BD-F73F-426B-9538-7E81F2401640}.Debug|Any CPU.ActiveCfg = Debug|Any CPU
		{DEAFC3BD-F73F-426B-9538-7E81F2401640}.Debug|Any CPU.Build.0 = Debug|Any CPU
		{DEAFC3BD-F73F-426B-9538-7E81F2401640}.Release|Any CPU.ActiveCfg = Release|Any CPU
		{DEAFC3BD-F73F-426B-9538-7E81F2401640}.Release|Any CPU.Build.0 = Release|Any CPU
		{387ADAE5-98EA-4FC8-B961-EE08F8B72990}.Debug|Any CPU.ActiveCfg = Debug|Any CPU
		{387ADAE5-98EA-4FC8-B961-EE08F8B72990}.Debug|Any CPU.Build.0 = Debug|Any CPU
		{387ADAE5-98EA-4FC8-B961-EE08F8B72990}.Release|Any CPU.ActiveCfg = Release|Any CPU
		{387ADAE5-98EA-4FC8-B961-EE08F8B72990}.Release|Any CPU.Build.0 = Release|Any CPU
		{BA499703-E4BC-4E93-A1D5-300FB35AC363}.Debug|Any CPU.ActiveCfg = Debug|Any CPU
		{BA499703-E4BC-4E93-A1D5-300FB35AC363}.Debug|Any CPU.Build.0 = Debug|Any CPU
		{BA499703-E4BC-4E93-A1D5-300FB35AC363}.Release|Any CPU.ActiveCfg = Release|Any CPU
		{BA499703-E4BC-4E93-A1D5-300FB35AC363}.Release|Any CPU.Build.0 = Release|Any CPU
		{F52EB807-9389-4891-A9C9-69109C76D6D6}.Debug|Any CPU.ActiveCfg = Debug|Any CPU
		{F52EB807-9389-4891-A9C9-69109C76D6D6}.Debug|Any CPU.Build.0 = Debug|Any CPU
		{F52EB807-9389-4891-A9C9-69109C76D6D6}.Release|Any CPU.ActiveCfg = Release|Any CPU
		{F52EB807-9389-4891-A9C9-69109C76D6D6}.Release|Any CPU.Build.0 = Release|Any CPU
		{232AD8D2-ADD8-4275-BE8B-27A6787FD2F0}.Debug|Any CPU.ActiveCfg = Debug|Any CPU
		{232AD8D2-ADD8-4275-BE8B-27A6787FD2F0}.Debug|Any CPU.Build.0 = Debug|Any CPU
		{232AD8D2-ADD8-4275-BE8B-27A6787FD2F0}.Release|Any CPU.ActiveCfg = Release|Any CPU
		{232AD8D2-ADD8-4275-BE8B-27A6787FD2F0}.Release|Any CPU.Build.0 = Release|Any CPU
		{E80C93F7-A5CB-4D75-97AF-87EFF6505F85}.Debug|Any CPU.ActiveCfg = Debug|Any CPU
		{E80C93F7-A5CB-4D75-97AF-87EFF6505F85}.Debug|Any CPU.Build.0 = Debug|Any CPU
		{E80C93F7-A5CB-4D75-97AF-87EFF6505F85}.Release|Any CPU.ActiveCfg = Release|Any CPU
		{E80C93F7-A5CB-4D75-97AF-87EFF6505F85}.Release|Any CPU.Build.0 = Release|Any CPU
		{EA0D8CE3-1C39-43F2-B905-45FB39F48CEB}.Debug|Any CPU.ActiveCfg = Debug|Any CPU
		{EA0D8CE3-1C39-43F2-B905-45FB39F48CEB}.Debug|Any CPU.Build.0 = Debug|Any CPU
		{EA0D8CE3-1C39-43F2-B905-45FB39F48CEB}.Release|Any CPU.ActiveCfg = Release|Any CPU
		{EA0D8CE3-1C39-43F2-B905-45FB39F48CEB}.Release|Any CPU.Build.0 = Release|Any CPU
		{6EE6F6EF-E9F1-4151-BC91-4D96D20D54DC}.Debug|Any CPU.ActiveCfg = Debug|Any CPU
		{6EE6F6EF-E9F1-4151-BC91-4D96D20D54DC}.Debug|Any CPU.Build.0 = Debug|Any CPU
		{6EE6F6EF-E9F1-4151-BC91-4D96D20D54DC}.Release|Any CPU.ActiveCfg = Release|Any CPU
		{6EE6F6EF-E9F1-4151-BC91-4D96D20D54DC}.Release|Any CPU.Build.0 = Release|Any CPU
		{E2FA6B45-E542-40F1-9D7C-E57D503AFCB8}.Debug|Any CPU.ActiveCfg = Debug|Any CPU
		{E2FA6B45-E542-40F1-9D7C-E57D503AFCB8}.Debug|Any CPU.Build.0 = Debug|Any CPU
		{E2FA6B45-E542-40F1-9D7C-E57D503AFCB8}.Release|Any CPU.ActiveCfg = Release|Any CPU
		{E2FA6B45-E542-40F1-9D7C-E57D503AFCB8}.Release|Any CPU.Build.0 = Release|Any CPU
	EndGlobalSection
	GlobalSection(SolutionProperties) = preSolution
		HideSolutionNode = FALSE
	EndGlobalSection
	GlobalSection(ExtensibilityGlobals) = postSolution
		SolutionGuid = {F5453344-34D8-411A-8367-BDC8F7DC484C}
	EndGlobalSection
EndGlobal
